<?xml version="1.0" encoding="utf-8"?>
<Project ToolsVersion="4.0" xmlns="http://schemas.microsoft.com/developer/msbuild/2003">
  <ItemGroup>
    <ClInclude Include="pch.h" />
    <ClInclude Include="framework.h" />
    <ClInclude Include="resource\OpenGLBuffer.h">
      <Filter>resource</Filter>
    </ClInclude>
    <ClInclude Include="system\OpenGLGraphicsSystem.h">
      <Filter>system</Filter>
    </ClInclude>
    <ClInclude Include="resource\OpenGLMesh.h">
      <Filter>resource</Filter>
    </ClInclude>
    <ClInclude Include="resource\OpenGLMeshFactory.h">
      <Filter>resource</Filter>
    </ClInclude>
    <ClInclude Include="resource\OpenGLTypeDescriptors.h">
      <Filter>resource</Filter>
    </ClInclude>
    <ClInclude Include="program\PipelineProgram.h">
      <Filter>program</Filter>
    </ClInclude>
    <ClInclude Include="program\Program.h">
      <Filter>program</Filter>
    </ClInclude>
    <ClInclude Include="system\OpenGLState.h">
      <Filter>system</Filter>
    </ClInclude>
    <ClInclude Include="resource\OpenGLTexture.h" />
    <ClInclude Include="system\FrameBufferManager.h">
      <Filter>program</Filter>
    </ClInclude>
    <ClInclude Include="resource\FrameBuffer.h" />
    <ClInclude Include="resource\FrameBufferFactory.h" />
    <ClInclude Include="resource\OpenGLTextureFactory.h" />
    <ClInclude Include="resource\OpenGLCubemap.h" />
    <ClInclude Include="program\GLSLLoader.h" />
    <ClInclude Include="system\TextureManager.h" />
    <ClInclude Include="program\ProgramFactory.h" />
    <ClInclude Include="resource\OpenGLCubemapFactory.h" />
    <ClInclude Include="DDSData.h">
      <Filter>resource</Filter>
    </ClInclude>
    <ClInclude Include="DDSLoader.h">
      <Filter>resource</Filter>
    </ClInclude>
  </ItemGroup>
  <ItemGroup>
    <ClCompile Include="pch.cpp" />
    <ClCompile Include="resource\OpenGLBuffer.cpp">
      <Filter>resource</Filter>
    </ClCompile>
    <ClCompile Include="system\OpenGLGraphicsSystem.cpp">
      <Filter>system</Filter>
    </ClCompile>
    <ClCompile Include="resource\OpenGLMesh.cpp">
      <Filter>resource</Filter>
    </ClCompile>
    <ClCompile Include="resource\OpenGLMeshFactory.cpp">
      <Filter>resource</Filter>
    </ClCompile>
    <ClCompile Include="program\PipelineProgram.cpp">
      <Filter>program</Filter>
    </ClCompile>
    <ClCompile Include="program\Program.cpp">
      <Filter>program</Filter>
    </ClCompile>
    <ClCompile Include="system\OpenGLState.cpp">
      <Filter>system</Filter>
    </ClCompile>
    <ClCompile Include="glad_wgl.c" />
    <ClCompile Include="glad.c" />
    <ClCompile Include="resource\OpenGLTexture.cpp" />
    <ClCompile Include="system\FrameBufferManager.cpp" />
    <ClCompile Include="resource\FrameBuffer.cpp" />
    <ClCompile Include="resource\FrameBufferFactory.cpp" />
    <ClCompile Include="resource\OpenGLTextureFactory.cpp" />
    <ClCompile Include="resource\OpenGLCubemap.cpp" />
    <ClCompile Include="resource\OpenGLCubemapFactory.cpp" />
    <ClCompile Include="program\GLSLLoader.cpp" />
    <ClCompile Include="system\TextureManager.cpp" />
    <ClCompile Include="program\ProgramFactory.cpp" />
  </ItemGroup>
  <ItemGroup>
    <Filter Include="system">
      <UniqueIdentifier>{57144429-01c8-4ed9-b697-1de21d2c0305}</UniqueIdentifier>
    </Filter>
    <Filter Include="resource">
      <UniqueIdentifier>{f023b664-fbb6-4998-8a1f-53fd96fa029b}</UniqueIdentifier>
    </Filter>
    <Filter Include="program">
      <UniqueIdentifier>{22d6d055-167f-4e75-8ed2-a5b318137154}</UniqueIdentifier>
    </Filter>
  </ItemGroup>
  <ItemGroup>
    <None Include="program\Program.inl">
      <Filter>program</Filter>
    </None>
    <None Include="program\PipelineProgram.inl">
      <Filter>program</Filter>
    </None>
  </ItemGroup>
</Project>