<?xml version="1.0" encoding="utf-8"?>
<Project ToolsVersion="4.0" xmlns="http://schemas.microsoft.com/developer/msbuild/2003">
  <ItemGroup>
    <ClInclude Include="pch.h" />
    <ClInclude Include="framework.h" />
    <ClInclude Include="IDE.h" />
    <ClInclude Include="editor\commands\CommandController.h">
      <Filter>editor\commands</Filter>
    </ClInclude>
    <ClInclude Include="editor\commands\ICommand.h">
      <Filter>editor\commands</Filter>
    </ClInclude>
    <ClInclude Include="Vulkan_ImGui_Interface.h" />
    <ClInclude Include="editor\windows\IGE_Window.h" />
    <ClInclude Include="ImGui_Interface.h" />
    <ClInclude Include="OpenGL_ImGui_Interface.h" />
    <ClInclude Include="loading\OpenGLFBXLoader.h">
      <Filter>loader</Filter>
    </ClInclude>
  </ItemGroup>
  <ItemGroup>
    <ClCompile Include="pch.cpp" />
    <ClCompile Include="IDE.cpp" />
    <ClCompile Include="editor\commands\CommandController.cpp">
      <Filter>editor\commands</Filter>
    </ClCompile>
    <ClCompile Include="editor\windows\IGE_Window.cpp" />
    <ClCompile Include="ImGui_Interface.cpp" />
    <ClCompile Include="OpenGL_ImGui_Interface.cpp" />
    <ClCompile Include="loading\OpenGLFBXLoader.cpp">
      <Filter>loader</Filter>
    </ClCompile>
  </ItemGroup>
  <ItemGroup>
    <Filter Include="editor">
      <UniqueIdentifier>{15e5ab8b-1ae5-478d-8810-84f9c5347669}</UniqueIdentifier>
    </Filter>
    <Filter Include="editor\commands">
      <UniqueIdentifier>{1915fa26-6cba-47a3-95b4-c3891080ff02}</UniqueIdentifier>
    </Filter>
    <ClCompile Include="Vulkan_ImGui_Interface.cpp" />
    <Filter Include="editor\windows">
      <UniqueIdentifier>{b8f020c5-d088-49f8-841d-626fcb8a63d9}</UniqueIdentifier>
    </Filter>
    <Filter Include="loader">
      <UniqueIdentifier>{6736b34e-82f1-486c-a938-0e50208db3da}</UniqueIdentifier>
    </Filter>
  </ItemGroup>
</Project>