<?xml version="1.0" encoding="utf-8"?>
<Project ToolsVersion="4.0" xmlns="http://schemas.microsoft.com/developer/msbuild/2003">
  <ItemGroup>
    <ClCompile Include="launcher.cpp" />
    <ClCompile Include="..\game\ReflectReg_AnimComponents.cpp">
      <Filter>Shared</Filter>
    </ClCompile>
    <ClCompile Include="..\game\ReflectReg_Components.cpp">
      <Filter>Shared</Filter>
    </ClCompile>
    <ClCompile Include="..\game\ReflectReg_GfxComponents.cpp">
      <Filter>Shared</Filter>
    </ClCompile>
    <ClCompile Include="..\game\ReflectReg_Resources.cpp">
      <Filter>Shared</Filter>
    </ClCompile>
    <ClCompile Include="..\game\ReflectRegistered.cpp">
      <Filter>Shared</Filter>
    </ClCompile>
    <ClCompile Include="RenderDocExt.cpp" />
  </ItemGroup>
  <ItemGroup>
    <Filter Include="Shared">
      <UniqueIdentifier>{a84265a2-8bcb-4c93-9646-227b418f1a59}</UniqueIdentifier>
    </Filter>
  </ItemGroup>
  <ItemGroup>
    <ClInclude Include="resource.h" />
  </ItemGroup>
  <ItemGroup>
    <ResourceCompile Include="41 Game Launcher.rc" />
  </ItemGroup>
  <ItemGroup>
    <Image Include="..\..\..\Icon.ico" />
  </ItemGroup>
</Project>