<?xml version="1.0" encoding="utf-8"?>
<Project ToolsVersion="4.0" xmlns="http://schemas.microsoft.com/developer/msbuild/2003">
  <ItemGroup>
    <Filter Include="math">
      <UniqueIdentifier>{53e7f8f8-6df9-4b02-a9e3-304987e31f2a}</UniqueIdentifier>
    </Filter>
    <Filter Include="phys">
      <UniqueIdentifier>{34a13a27-ba70-439e-aaf7-b6bf4f887d62}</UniqueIdentifier>
    </Filter>
    <Filter Include="core">
      <UniqueIdentifier>{3e80c68e-7de8-4d50-b93b-73b2f086139f}</UniqueIdentifier>
    </Filter>
    <Filter Include="event">
      <UniqueIdentifier>{6dce53f3-2c69-45f3-bd07-fd318b7b7fa4}</UniqueIdentifier>
    </Filter>
    <Filter Include="math\detail">
      <UniqueIdentifier>{5af6f78e-707b-4276-a9a0-e716d6f48fd9}</UniqueIdentifier>
    </Filter>
    <Filter Include="_natvis">
      <UniqueIdentifier>{96518433-03f0-4cae-b02e-a7ee5d114378}</UniqueIdentifier>
      <Extensions>.natvis</Extensions>
    </Filter>
    <Filter Include="common">
      <UniqueIdentifier>{3826792b-f531-4783-8d98-3701dfbfed9e}</UniqueIdentifier>
    </Filter>
    <Filter Include="core\handles">
      <UniqueIdentifier>{d846b40e-7906-4078-8b7f-8d84c275fb09}</UniqueIdentifier>
    </Filter>
    <Filter Include="core\systems">
      <UniqueIdentifier>{e9ec1801-713d-4a1e-aad5-cd280a9475b3}</UniqueIdentifier>
    </Filter>
    <Filter Include="app">
      <UniqueIdentifier>{5d473ef9-9c8f-4c26-b00a-c8cae94ebafc}</UniqueIdentifier>
    </Filter>
    <Filter Include="core\data">
      <UniqueIdentifier>{b9353ace-94fa-482f-9bd7-4d80ad8a72b5}</UniqueIdentifier>
    </Filter>
    <Filter Include="editor">
      <UniqueIdentifier>{57b8eb10-df35-46c8-a29b-102a5407f9ee}</UniqueIdentifier>
    </Filter>
    <Filter Include="core\scheduler">
      <UniqueIdentifier>{82227ccb-af0a-4741-9672-d6d2d40250ee}</UniqueIdentifier>
    </Filter>
    <Filter Include="ds">
      <UniqueIdentifier>{acb92b6f-fb51-44a4-9ad4-27dff0238f24}</UniqueIdentifier>
    </Filter>
    <Filter Include="meta">
      <UniqueIdentifier>{b971d9c9-d118-4c1c-b5f6-e5cd1e1d892c}</UniqueIdentifier>
    </Filter>
    <Filter Include="reflect">
      <UniqueIdentifier>{ce3af906-101e-456b-861e-f589d72ec66c}</UniqueIdentifier>
    </Filter>
    <Filter Include="audio">
      <UniqueIdentifier>{6ff4483c-a1e1-4b5c-a9ee-6ad66c7a3c89}</UniqueIdentifier>
    </Filter>
    <Filter Include="res">
      <UniqueIdentifier>{0bd97395-0815-4a82-a32b-3f8047af46ea}</UniqueIdentifier>
    </Filter>
    <Filter Include="serialize">
      <UniqueIdentifier>{1edb08ba-9e8a-420f-aa06-8800e1ee860c}</UniqueIdentifier>
    </Filter>
    <Filter Include="file">
      <UniqueIdentifier>{f2473f67-3de9-4860-9834-dbb2b1f6c894}</UniqueIdentifier>
    </Filter>
    <Filter Include="scene">
      <UniqueIdentifier>{08f522a2-1b53-4a51-a302-0433f32e7f80}</UniqueIdentifier>
    </Filter>
    <Filter Include="test">
      <UniqueIdentifier>{148836fd-f730-4b91-b802-ac1fb0c2f6c1}</UniqueIdentifier>
    </Filter>
    <Filter Include="math\interp">
      <UniqueIdentifier>{c78cfeac-2107-48ce-841f-4eabae9d7857}</UniqueIdentifier>
    </Filter>
    <Filter Include="reflect\detail">
      <UniqueIdentifier>{53f59ace-a5cc-4e27-8aea-bb3b8f0abbd7}</UniqueIdentifier>
    </Filter>
    <Filter Include="prefab">
      <UniqueIdentifier>{ee5f83d5-e8dd-4fa8-b5a9-e37be0d0bf14}</UniqueIdentifier>
    </Filter>
    <Filter Include="anim">
      <UniqueIdentifier>{cfa80d33-f180-41f7-b0fe-108ffbff19c1}</UniqueIdentifier>
    </Filter>
    <Filter Include="anim\res/factories">
      <UniqueIdentifier>{18746da9-2d25-47bc-a326-d1fab351109e}</UniqueIdentifier>
    </Filter>
    <Filter Include="math\shapes">
      <UniqueIdentifier>{904683d7-e103-49da-b891-54115b8bd059}</UniqueIdentifier>
    </Filter>
    <Filter Include="phys\collision">
      <UniqueIdentifier>{a443cd4d-0b4b-4ed3-97e1-29444c85c072}</UniqueIdentifier>
    </Filter>
    <Filter Include="script">
      <UniqueIdentifier>{0ea81c08-6894-4f4d-92fb-1d23678faa9f}</UniqueIdentifier>
    </Filter>
    <Filter Include="debug">
      <UniqueIdentifier>{2eea3a1f-43c1-42ef-b2cd-443933fd8622}</UniqueIdentifier>
    </Filter>
    <Filter Include="anim\utils">
      <UniqueIdentifier>{a0b9bd32-3f41-447e-8853-eb3f7c9586d1}</UniqueIdentifier>
    </Filter>
    <Filter Include="proj">
      <UniqueIdentifier>{1142d1c7-1839-4bbc-999f-17503782be59}</UniqueIdentifier>
    </Filter>
    <Filter Include="particle">
      <UniqueIdentifier>{3479c263-d931-4a92-b791-425e7da842c6}</UniqueIdentifier>
    </Filter>
    <Filter Include="gfx">
      <UniqueIdentifier>{80273e76-a09c-4086-9f9f-99345a0eed46}</UniqueIdentifier>
    </Filter>
    <Filter Include="gfx\camera">
      <UniqueIdentifier>{0d1b9113-c907-43df-b410-c093c7174929}</UniqueIdentifier>
    </Filter>
    <Filter Include="gfx\object">
      <UniqueIdentifier>{d25200eb-6b2c-4974-ab2d-f1f2adee7057}</UniqueIdentifier>
    </Filter>
    <Filter Include="gfx\light">
      <UniqueIdentifier>{b10c8175-8919-495a-97ef-274c5cdf9337}</UniqueIdentifier>
    </Filter>
    <Filter Include="gfx\shadergraph">
      <UniqueIdentifier>{ecae51a5-a7c1-4b0c-b1ea-b4304be8526b}</UniqueIdentifier>
    </Filter>
    <Filter Include="util">
      <UniqueIdentifier>{f17c41f6-99d2-4166-9856-059caddc0284}</UniqueIdentifier>
    </Filter>
    <Filter Include="anim\detail">
      <UniqueIdentifier>{5f3cf2cf-2fa4-43f8-bffe-cbd22c94da10}</UniqueIdentifier>
    </Filter>
    <Filter Include="ui">
      <UniqueIdentifier>{241cb65f-5a4a-4fab-adc2-43995a1f3b84}</UniqueIdentifier>
    </Filter>
    <Filter Include="gfx\font">
      <UniqueIdentifier>{9a7c314a-37da-468b-a550-032b719d98c5}</UniqueIdentifier>
    </Filter>
    <Filter Include="network">
      <UniqueIdentifier>{f35ebc8b-d413-42b6-bebc-1f24f1326fe5}</UniqueIdentifier>
    </Filter>
    <Filter Include="memory">
      <UniqueIdentifier>{5ac86b7f-b5d8-4550-99cd-75d596f6a49b}</UniqueIdentifier>
    </Filter>
    <Filter Include="network\data">
      <UniqueIdentifier>{b24b3ed7-5420-4408-ac31-0cbad7e5fce3}</UniqueIdentifier>
    </Filter>
    <Filter Include="network\system">
      <UniqueIdentifier>{9206de05-115a-4361-83f9-8cd4a78421fb}</UniqueIdentifier>
    </Filter>
    <Filter Include="network\managers">
      <UniqueIdentifier>{593d88bc-f344-4363-8402-5600f411fd62}</UniqueIdentifier>
    </Filter>
    <Filter Include="parallel">
      <UniqueIdentifier>{c0a27a3b-a553-49e0-bfdc-58031b1ed1c9}</UniqueIdentifier>
    </Filter>
    <Filter Include="network\messages">
      <UniqueIdentifier>{a13cb9de-2d6a-465a-b261-288e30b35648}</UniqueIdentifier>
    </Filter>
    <Filter Include="network\views">
      <UniqueIdentifier>{091e737d-85bc-4cf1-adce-737e0ddf4d33}</UniqueIdentifier>
    </Filter>
    <Filter Include="network\substream managers">
      <UniqueIdentifier>{cc1764d9-5675-43dc-bc2c-81e956c3d907}</UniqueIdentifier>
    </Filter>
    <Filter Include="phys\aabb tree">
      <UniqueIdentifier>{6f80e421-0638-477d-9911-81b44c0fceaf}</UniqueIdentifier>
    </Filter>
    <Filter Include="phys\aabb tree">
      <UniqueIdentifier>{6f80e421-0638-477d-9911-81b44c0fceaf}</UniqueIdentifier>
    </Filter>
    <Filter Include="phys\rotational">
      <UniqueIdentifier>{84056225-9a38-47b7-8a53-ab3d256bbdcb}</UniqueIdentifier>
    </Filter>
  </ItemGroup>
  <ItemGroup>
    <ClInclude Include="math\matrix.h">
      <Filter>math</Filter>
    </ClInclude>
    <ClInclude Include="math\vector.h">
      <Filter>math</Filter>
    </ClInclude>
    <ClInclude Include="math\vector_dim.h">
      <Filter>math\detail</Filter>
    </ClInclude>
    <ClInclude Include="math\vector_detail.h">
      <Filter>math\detail</Filter>
    </ClInclude>
    <ClInclude Include="math\angle.h">
      <Filter>math</Filter>
    </ClInclude>
    <ClInclude Include="math\constants.h">
      <Filter>math</Filter>
    </ClInclude>
    <ClInclude Include="math\arith.h">
      <Filter>math</Filter>
    </ClInclude>
    <ClInclude Include="event\Dispatcher.h">
      <Filter>event</Filter>
    </ClInclude>
    <ClInclude Include="event\Dispatcher_detail.h">
      <Filter>event</Filter>
    </ClInclude>
    <ClInclude Include="math\vector_swizzle.h">
      <Filter>math\detail</Filter>
    </ClInclude>
    <ClInclude Include="common\Transform.h">
      <Filter>common</Filter>
    </ClInclude>
    <ClInclude Include="math\quaternion.h">
      <Filter>math</Filter>
    </ClInclude>
    <ClInclude Include="idk.h" />
    <ClInclude Include="stdafx.h" />
    <ClInclude Include="core\Handle.h">
      <Filter>core\handles</Filter>
    </ClInclude>
    <ClInclude Include="idk_config.h" />
    <ClInclude Include="core\ObjectPool.h">
      <Filter>core\handles</Filter>
    </ClInclude>
    <ClInclude Include="math\matrix_transforms.h">
      <Filter>math</Filter>
    </ClInclude>
    <ClInclude Include="core\ISystem.h">
      <Filter>core\systems</Filter>
    </ClInclude>
    <ClInclude Include="app\Application.h">
      <Filter>app</Filter>
    </ClInclude>
    <ClInclude Include="core\SystemManager.h">
      <Filter>core\systems</Filter>
    </ClInclude>
    <ClInclude Include="core\Core.h">
      <Filter>core</Filter>
    </ClInclude>
    <ClInclude Include="core\Component.h">
      <Filter>core\data</Filter>
    </ClInclude>
    <ClInclude Include="core\GameObject.h">
      <Filter>core\data</Filter>
    </ClInclude>
    <ClInclude Include="core\GameState.h">
      <Filter>core\data</Filter>
    </ClInclude>
    <ClInclude Include="core\GameState_detail.h">
      <Filter>core\data</Filter>
    </ClInclude>
    <ClInclude Include="editor\IEditor.h">
      <Filter>editor</Filter>
    </ClInclude>
    <ClInclude Include="core\Handleables.h">
      <Filter>core\handles</Filter>
    </ClInclude>
    <ClInclude Include="core\SystemManager_detail.h">
      <Filter>core\systems</Filter>
    </ClInclude>
    <ClInclude Include="app\Keys.h">
      <Filter>app</Filter>
    </ClInclude>
    <ClInclude Include="core\Scheduler.h">
      <Filter>core\scheduler</Filter>
    </ClInclude>
    <ClInclude Include="meta\casts.h">
      <Filter>meta</Filter>
    </ClInclude>
    <ClInclude Include="meta\meta.h">
      <Filter>meta</Filter>
    </ClInclude>
    <ClInclude Include="ds\pool.h">
      <Filter>ds</Filter>
    </ClInclude>
    <ClInclude Include="ds\range.h">
      <Filter>ds</Filter>
    </ClInclude>
    <ClInclude Include="ds\ranged_for.h">
      <Filter>ds</Filter>
    </ClInclude>
    <ClInclude Include="ds\span.h">
      <Filter>ds</Filter>
    </ClInclude>
    <ClInclude Include="ds\zip.h">
      <Filter>ds</Filter>
    </ClInclude>
    <ClInclude Include="gfx\GraphicsSystem.h">
      <Filter>gfx</Filter>
    </ClInclude>
    <ClInclude Include="idk_reflect_types.h" />
    <ClInclude Include="reflect\reflect.h">
      <Filter>reflect</Filter>
    </ClInclude>
    <ClInclude Include="audio\AudioSystem.h">
      <Filter>audio</Filter>
    </ClInclude>
    <ClInclude Include="audio\AudioClip.h">
      <Filter>audio</Filter>
    </ClInclude>
    <ClInclude Include="audio\AudioClipInfo.h">
      <Filter>audio</Filter>
    </ClInclude>
    <ClInclude Include="res\Resource.h">
      <Filter>res</Filter>
    </ClInclude>
    <ClInclude Include="res\ResourceFactory.h">
      <Filter>res</Filter>
    </ClInclude>
    <ClInclude Include="res\ResourceHandle.h">
      <Filter>res</Filter>
    </ClInclude>
    <ClInclude Include="res\ResourceManager.h">
      <Filter>res</Filter>
    </ClInclude>
    <ClInclude Include="res\Guid.h">
      <Filter>res</Filter>
    </ClInclude>
    <ClInclude Include="util\string_hash.h">
      <Filter>util</Filter>
    </ClInclude>
    <ClInclude Include="util\macro_utils.h">
      <Filter>util</Filter>
    </ClInclude>
    <ClInclude Include="file\FileSystem.h">
      <Filter>file</Filter>
    </ClInclude>
    <ClInclude Include="file\FileSystemInternal.h">
      <Filter>file</Filter>
    </ClInclude>
    <ClInclude Include="file\DirectoryWatcher.h">
      <Filter>file</Filter>
    </ClInclude>
    <ClInclude Include="math\color.h">
      <Filter>math</Filter>
    </ClInclude>
    <ClInclude Include="scene\SceneFactory.h">
      <Filter>scene</Filter>
    </ClInclude>
    <ClInclude Include="scene\SceneManager.h">
      <Filter>scene</Filter>
    </ClInclude>
    <ClInclude Include="scene\Scene.h">
      <Filter>scene</Filter>
    </ClInclude>
    <ClInclude Include="util\enum.h">
      <Filter>util</Filter>
    </ClInclude>
    <ClInclude Include="audio\AudioListener.h">
      <Filter>audio</Filter>
    </ClInclude>
    <ClInclude Include="audio\AudioSource.h">
      <Filter>audio</Filter>
    </ClInclude>
    <ClInclude Include="phys\RigidBody.h">
      <Filter>phys</Filter>
    </ClInclude>
    <ClInclude Include="phys\Collider.h">
      <Filter>phys</Filter>
    </ClInclude>
    <ClInclude Include="ds\compressed_pair.h">
      <Filter>ds</Filter>
    </ClInclude>
    <ClInclude Include="ds\small_string.h">
      <Filter>ds</Filter>
    </ClInclude>
    <ClInclude Include="test\TestSystem.h">
      <Filter>test</Filter>
    </ClInclude>
    <ClInclude Include="math\matrix_decomposition.h">
      <Filter>math</Filter>
    </ClInclude>
    <ClInclude Include="test\TestComponent.h">
      <Filter>test</Filter>
    </ClInclude>
    <ClInclude Include="math\comparable.h">
      <Filter>math</Filter>
    </ClInclude>
    <ClInclude Include="res\ResourceMeta.h">
      <Filter>res</Filter>
    </ClInclude>
    <ClInclude Include="event\Signal.h">
      <Filter>event</Filter>
    </ClInclude>
    <ClInclude Include="gfx\RenderObject.h">
      <Filter>gfx\object</Filter>
    </ClInclude>
    <ClInclude Include="gfx\Material.h">
      <Filter>gfx\object</Filter>
    </ClInclude>
    <ClInclude Include="gfx\MaterialInstance.h">
      <Filter>gfx\object</Filter>
    </ClInclude>
    <ClInclude Include="gfx\Mesh.h">
      <Filter>gfx\object</Filter>
    </ClInclude>
    <ClInclude Include="gfx\Camera.h">
      <Filter>gfx\camera</Filter>
    </ClInclude>
    <ClInclude Include="gfx\vertex_descriptor.h">
      <Filter>gfx\object</Filter>
    </ClInclude>
    <ClInclude Include="meta\tuple.h">
      <Filter>meta</Filter>
    </ClInclude>
    <ClInclude Include="ds\dual_set.h">
      <Filter>ds</Filter>
    </ClInclude>
    <ClInclude Include="math\euler_angles.h">
      <Filter>math</Filter>
    </ClInclude>
    <ClInclude Include="math\interp\Spline.h">
      <Filter>math\interp</Filter>
    </ClInclude>
    <ClInclude Include="util\align.h">
      <Filter>util</Filter>
    </ClInclude>
    <ClInclude Include="gfx\gfx_data.h">
      <Filter>gfx</Filter>
    </ClInclude>
    <ClInclude Include="gfx\DebugRenderer.h">
      <Filter>gfx</Filter>
    </ClInclude>
    <ClInclude Include="gfx\debug_vtx_layout.h">
      <Filter>gfx</Filter>
    </ClInclude>
    <ClInclude Include="gfx\buffer_desc.h">
      <Filter>gfx</Filter>
    </ClInclude>
    <ClInclude Include="gfx\pipeline_config.h">
      <Filter>gfx</Filter>
    </ClInclude>
    <ClInclude Include="gfx\uniform_info.h">
      <Filter>gfx</Filter>
    </ClInclude>
    <ClInclude Include="gfx\GfxDbgTest.h">
      <Filter>gfx</Filter>
    </ClInclude>
    <ClInclude Include="math\random.h">
      <Filter>math</Filter>
    </ClInclude>
    <ClInclude Include="gfx\MeshRenderer.h">
      <Filter>gfx</Filter>
    </ClInclude>
    <ClInclude Include="res\FileResources_detail.h">
      <Filter>res</Filter>
    </ClInclude>
    <ClInclude Include="meta\tag.h">
      <Filter>meta</Filter>
    </ClInclude>
    <ClInclude Include="test\TestResource.h">
      <Filter>test</Filter>
    </ClInclude>
    <ClInclude Include="gfx\MeshRenderer.h">
      <Filter>gfx</Filter>
    </ClInclude>
    <ClInclude Include="core\ComponentTags.h">
      <Filter>core</Filter>
    </ClInclude>
    <ClInclude Include="IncludeComponents.h" />
    <ClInclude Include="IncludeSystems.h" />
    <ClInclude Include="IncludeResources.h" />
    <ClInclude Include="file\FileSystemIncludes.h">
      <Filter>file</Filter>
    </ClInclude>
    <ClInclude Include="reflect\detail\constructor_entry.h">
      <Filter>reflect\detail</Filter>
    </ClInclude>
    <ClInclude Include="reflect\detail\typed_context.inl">
      <Filter>reflect\detail</Filter>
    </ClInclude>
    <ClInclude Include="reflect\typeinfo.h">
      <Filter>reflect</Filter>
    </ClInclude>
    <ClInclude Include="reflect\detail\meta_manager.h">
      <Filter>reflect\detail</Filter>
    </ClInclude>
    <ClInclude Include="reflect\detail\table_storage.h">
      <Filter>reflect\detail</Filter>
    </ClInclude>
    <ClInclude Include="reflect\detail\typed_context.h">
      <Filter>reflect\detail</Filter>
    </ClInclude>
    <ClInclude Include="reflect\detail\visit_detail.h">
      <Filter>reflect\detail</Filter>
    </ClInclude>
    <ClInclude Include="reflect\detail\pretty_function.h">
      <Filter>reflect\detail</Filter>
    </ClInclude>
    <ClInclude Include="prefab\PrefabFactory.h">
      <Filter>prefab</Filter>
    </ClInclude>
    <ClInclude Include="prefab\Prefab.h">
      <Filter>prefab</Filter>
    </ClInclude>
    <ClInclude Include="prefab\PropertyOverride.h">
      <Filter>prefab</Filter>
    </ClInclude>
    <ClInclude Include="prefab\PrefabData.h">
      <Filter>prefab</Filter>
    </ClInclude>
    <ClInclude Include="prefab\PrefabInstance.h">
      <Filter>prefab</Filter>
    </ClInclude>
    <ClInclude Include="prefab\PrefabUtility.h">
      <Filter>prefab</Filter>
    </ClInclude>
    <ClInclude Include="ds\circular_buffer.h">
      <Filter>ds</Filter>
    </ClInclude>
    <ClInclude Include="gfx\Texture.h">
      <Filter>gfx</Filter>
    </ClInclude>
    <ClInclude Include="gfx\RenderTarget.h">
      <Filter>gfx</Filter>
    </ClInclude>
    <ClInclude Include="gfx\ShaderTemplate.h">
      <Filter>gfx\object</Filter>
    </ClInclude>
    <ClInclude Include="gfx\ShaderProgram.h">
      <Filter>gfx\object</Filter>
    </ClInclude>
    <ClInclude Include="anim\SkinnedMeshRenderer.h">
      <Filter>anim</Filter>
    </ClInclude>
    <ClInclude Include="gfx\ShaderTemplateFactory.h">
      <Filter>gfx\object</Filter>
    </ClInclude>
    <ClInclude Include="gfx\Light.h">
      <Filter>gfx\light</Filter>
    </ClInclude>
    <ClInclude Include="gfx\LightTypes.h">
      <Filter>gfx\light</Filter>
    </ClInclude>
    <ClInclude Include="common\Name.h">
      <Filter>common</Filter>
    </ClInclude>
    <ClInclude Include="serialize\yaml.h">
      <Filter>serialize</Filter>
    </ClInclude>
    <ClInclude Include="ds\slow_tree.h">
      <Filter>ds</Filter>
    </ClInclude>
    <ClInclude Include="anim\SkeletonFactory.h">
      <Filter>anim\res/factories</Filter>
    </ClInclude>
    <ClInclude Include="anim\Animation.h">
      <Filter>anim\res/factories</Filter>
    </ClInclude>
    <ClInclude Include="anim\Skeleton.h">
      <Filter>anim\res/factories</Filter>
    </ClInclude>
    <ClInclude Include="ds\slow_tree.h">
      <Filter>ds</Filter>
    </ClInclude>
    <ClInclude Include="scene\SceneGraphBuilder.h">
      <Filter>common</Filter>
    </ClInclude>
    <ClInclude Include="anim\AnimationSystem.h">
      <Filter>anim</Filter>
    </ClInclude>
    <ClInclude Include="test\TestResourceFactory.h">
      <Filter>test</Filter>
    </ClInclude>
    <ClInclude Include="util\ioutils.h">
      <Filter>util</Filter>
    </ClInclude>
    <ClInclude Include="math\shapes.h">
      <Filter>math</Filter>
    </ClInclude>
    <ClInclude Include="math\shapes\aabb.h">
      <Filter>math\shapes</Filter>
    </ClInclude>
    <ClInclude Include="math\shapes\box.h">
      <Filter>math\shapes</Filter>
    </ClInclude>
    <ClInclude Include="math\shapes\capsule.h">
      <Filter>math\shapes</Filter>
    </ClInclude>
    <ClInclude Include="math\shapes\ray.h">
      <Filter>math\shapes</Filter>
    </ClInclude>
    <ClInclude Include="math\shapes\sphere.h">
      <Filter>math\shapes</Filter>
    </ClInclude>
    <ClInclude Include="math\linear.h">
      <Filter>math</Filter>
    </ClInclude>
    <ClInclude Include="phys\PhysicsSystem.h">
      <Filter>phys</Filter>
    </ClInclude>
    <ClInclude Include="gfx\ShaderGraph_data.h">
      <Filter>gfx\shadergraph</Filter>
    </ClInclude>
    <ClInclude Include="gfx\ShaderGraph.h">
      <Filter>gfx\shadergraph</Filter>
    </ClInclude>
    <ClInclude Include="util\hash_combine.h">
      <Filter>util</Filter>
    </ClInclude>
    <ClInclude Include="gfx\CubeMap.h">
      <Filter>gfx</Filter>
    </ClInclude>
    <ClInclude Include="file\PathHandle.h">
      <Filter>file</Filter>
    </ClInclude>
    <ClInclude Include="gfx\MeshFactory.h">
      <Filter>gfx\object</Filter>
    </ClInclude>
    <ClInclude Include="phys\collision_detection\collision_box.h">
      <Filter>phys\collision</Filter>
    </ClInclude>
    <ClInclude Include="phys\collision_detection\collision_box_sphere.h">
      <Filter>phys\collision</Filter>
    </ClInclude>
    <ClInclude Include="phys\raycasts\collision_raycast.h">
      <Filter>phys\collision</Filter>
    </ClInclude>
    <ClInclude Include="phys\collision_result.h">
      <Filter>phys\collision</Filter>
    </ClInclude>
    <ClInclude Include="phys\collision_detection\collision_sphere.h">
      <Filter>phys\collision</Filter>
    </ClInclude>
    <ClInclude Include="phys\collision.h">
      <Filter>phys\collision</Filter>
    </ClInclude>
    <ClInclude Include="ds\result.h">
      <Filter>ds</Filter>
    </ClInclude>
    <ClInclude Include="math\shapes\halfspace.h">
      <Filter>math\shapes</Filter>
    </ClInclude>
    <ClInclude Include="math\shapes\frustum.h">
      <Filter>math\shapes</Filter>
    </ClInclude>
    <ClInclude Include="audio\AudioClipLoader.h">
      <Filter>audio</Filter>
    </ClInclude>
    <ClInclude Include="gfx\ShaderGraph_helpers.h">
      <Filter>gfx\shadergraph</Filter>
    </ClInclude>
    <ClInclude Include="res\EasyFactory.h">
      <Filter>res</Filter>
    </ClInclude>
    <ClInclude Include="res\FileLoader.h">
      <Filter>res</Filter>
    </ClInclude>
    <ClInclude Include="res\GenericResourceHandle.h">
      <Filter>res</Filter>
    </ClInclude>
    <ClInclude Include="res\GenericResourceHandle_detail.h">
      <Filter>res</Filter>
    </ClInclude>
    <ClInclude Include="meta\variant.h">
      <Filter>meta</Filter>
    </ClInclude>
    <ClInclude Include="res\ResourceBundle.h">
      <Filter>res</Filter>
    </ClInclude>
    <ClInclude Include="res\ResourceUtils.h">
      <Filter>res</Filter>
    </ClInclude>
    <ClInclude Include="res\SaveableResource.h">
      <Filter>res</Filter>
    </ClInclude>
    <ClInclude Include="res\MetaBundle.h">
      <Filter>res</Filter>
    </ClInclude>
    <ClInclude Include="gfx\ShaderTemplateLoader.h">
      <Filter>gfx\object</Filter>
    </ClInclude>
    <ClInclude Include="PauseConfigurations.h" />
    <ClInclude Include="anim\Animator.h">
      <Filter>anim</Filter>
    </ClInclude>
    <ClInclude Include="app\GamepadSystem.h">
      <Filter>app</Filter>
    </ClInclude>
    <ClInclude Include="res\GenericResourceHandle.h">
      <Filter>res</Filter>
    </ClInclude>
    <ClInclude Include="res\GenericResourceHandle_detail.h">
      <Filter>res</Filter>
    </ClInclude>
    <ClInclude Include="res\EasyFactory.h">
      <Filter>res</Filter>
    </ClInclude>
    <ClInclude Include="res\FileLoader.h">
      <Filter>res</Filter>
    </ClInclude>
    <ClInclude Include="gfx\BasicRenderPasses.h">
      <Filter>gfx</Filter>
    </ClInclude>
    <ClInclude Include="gfx\CubeMap.h">
      <Filter>gfx</Filter>
    </ClInclude>
    <ClInclude Include="res\MetaBundle.h">
      <Filter>res</Filter>
    </ClInclude>
    <ClInclude Include="script\MonoBehavior.h">
      <Filter>script</Filter>
    </ClInclude>
    <ClInclude Include="script\MonoBehaviorData.h">
      <Filter>script</Filter>
    </ClInclude>
    <ClInclude Include="res\ResourceBundle.h">
      <Filter>res</Filter>
    </ClInclude>
    <ClInclude Include="script\ScriptSystem.h">
      <Filter>script</Filter>
    </ClInclude>
    <ClInclude Include="meta\variant.h">
      <Filter>meta</Filter>
    </ClInclude>
    <ClInclude Include="gfx\UniformInstance.h">
      <Filter>gfx</Filter>
    </ClInclude>
    <ClInclude Include="app\GamepadEnums.h">
      <Filter>app</Filter>
    </ClInclude>
    <ClInclude Include="gfx\Framebuffer.h">
      <Filter>gfx</Filter>
    </ClInclude>
    <ClInclude Include="gfx\FramebufferFactory.h">
      <Filter>gfx</Filter>
    </ClInclude>
    <ClInclude Include="machine.h" />
    <ClInclude Include="res\SaveableResourceLoader.h">
      <Filter>res</Filter>
    </ClInclude>
    <ClInclude Include="gfx\projector_functions.h">
      <Filter>gfx</Filter>
    </ClInclude>
    <ClInclude Include="gfx\IShaderProgramFactory.h">
      <Filter>gfx\object</Filter>
    </ClInclude>
    <ClInclude Include="debug\idk_assert.h">
      <Filter>debug</Filter>
    </ClInclude>
    <ClInclude Include="common\Tag.h">
      <Filter>common</Filter>
    </ClInclude>
    <ClInclude Include="res\SaveableResourceLoader.h">
      <Filter>res</Filter>
    </ClInclude>
    <ClInclude Include="gfx\projector_functions.h">
      <Filter>gfx</Filter>
    </ClInclude>
    <ClInclude Include="gfx\IShaderProgramFactory.h">
      <Filter>gfx\object</Filter>
    </ClInclude>
    <ClInclude Include="script\MonoEnvironment.h">
      <Filter>script</Filter>
    </ClInclude>
    <ClInclude Include="script\ManagedObj.h">
      <Filter>script</Filter>
    </ClInclude>
    <ClInclude Include="script\ManagedThunk.h">
      <Filter>script</Filter>
    </ClInclude>
    <ClInclude Include="script\ManagedType.h">
      <Filter>script</Filter>
    </ClInclude>
    <ClInclude Include="anim\AnimationState.h">
      <Filter>anim</Filter>
    </ClInclude>
    <ClInclude Include="common\TagManager.h">
      <Filter>common</Filter>
    </ClInclude>
    <ClInclude Include="script\MonoBehaviorEnvironment.h">
      <Filter>script</Filter>
    </ClInclude>
    <ClInclude Include="script\ValueBoxer.h">
      <Filter>script</Filter>
    </ClInclude>
    <ClInclude Include="gfx\MaterialFactory.h">
      <Filter>gfx\object</Filter>
    </ClInclude>
    <ClInclude Include="core\ConfigurableSystem.h">
      <Filter>core\systems</Filter>
    </ClInclude>
    <ClInclude Include="common\LayerManager.h">
      <Filter>common</Filter>
    </ClInclude>
    <ClInclude Include="common\Layer.h">
      <Filter>common</Filter>
    </ClInclude>
    <ClInclude Include="debug\Log.h">
      <Filter>debug</Filter>
    </ClInclude>
    <ClInclude Include="debug\LogPools.h">
      <Filter>debug</Filter>
    </ClInclude>
    <ClInclude Include="natvis_ids.h">
      <Filter>_natvis</Filter>
    </ClInclude>
    <ClInclude Include="anim\Bone.h">
      <Filter>anim</Filter>
    </ClInclude>
    <ClInclude Include="core\ConfigurableSystem.h">
      <Filter>core\systems</Filter>
    </ClInclude>
    <ClInclude Include="gfx\MaterialFactory.h">
      <Filter>gfx\object</Filter>
    </ClInclude>
    <ClInclude Include="serialize\binary.h">
      <Filter>serialize</Filter>
    </ClInclude>
    <ClInclude Include="serialize\parse_error.h">
      <Filter>serialize</Filter>
    </ClInclude>
    <ClInclude Include="serialize\text.h">
      <Filter>serialize</Filter>
    </ClInclude>
    <ClInclude Include="script\MonoWrapperEnvironment.h">
      <Filter>script</Filter>
    </ClInclude>
    <ClInclude Include="anim\AnimationLayer.h">
      <Filter>anim</Filter>
    </ClInclude>
    <ClInclude Include="gfx\CameraFrustum.h">
      <Filter>gfx\camera</Filter>
    </ClInclude>
    <ClInclude Include="anim\AnimationUtils.h">
      <Filter>anim\utils</Filter>
    </ClInclude>
    <ClInclude Include="proj\ProjectManager.h">
      <Filter>proj</Filter>
    </ClInclude>
    <ClInclude Include="gfx\Buffer.h">
      <Filter>gfx</Filter>
    </ClInclude>
    <ClInclude Include="debug\LogSingleton.h">
      <Filter>debug</Filter>
    </ClInclude>
    <ClInclude Include="phys\collidable_shapes.h">
      <Filter>phys</Filter>
    </ClInclude>
    <ClInclude Include="debug\LogSystem.h">
      <Filter>debug</Filter>
    </ClInclude>
    <ClInclude Include="particle\ParticleData.h">
      <Filter>particle</Filter>
    </ClInclude>
    <ClInclude Include="particle\ParticleSystem.h">
      <Filter>particle</Filter>
    </ClInclude>
    <ClInclude Include="particle\ParticleSystemModules.h">
      <Filter>particle</Filter>
    </ClInclude>
    <ClInclude Include="particle\ParticleSystemUpdater.h">
      <Filter>particle</Filter>
    </ClInclude>
    <ClInclude Include="gfx\ViewportUtil.h">
      <Filter>gfx\camera</Filter>
    </ClInclude>
    <ClInclude Include="script\ValueUnboxer.h">
      <Filter>script</Filter>
    </ClInclude>
    <ClInclude Include="script\MonoFunctionInvoker.h">
      <Filter>script</Filter>
    </ClInclude>
    <ClInclude Include="script\MonoBinder.h">
      <Filter>script</Filter>
    </ClInclude>
    <ClInclude Include="particle\MinMax.h">
      <Filter>particle</Filter>
    </ClInclude>
    <ClInclude Include="math\ritters.h">
      <Filter>math\shapes</Filter>
    </ClInclude>
    <ClInclude Include="phys\collision_detection\ManagedCollision.h">
      <Filter>phys\collision</Filter>
    </ClInclude>
    <ClInclude Include="gfx\CameraClear.h">
      <Filter>gfx\camera</Filter>
    </ClInclude>
    <ClInclude Include="core\NullHandleException.h">
      <Filter>core</Filter>
    </ClInclude>
    <ClInclude Include="gfx\FontAtlas.h">
      <Filter>gfx\font</Filter>
    </ClInclude>
    <ClInclude Include="gfx\FontData.h">
      <Filter>gfx\font</Filter>
    </ClInclude>
    <ClInclude Include="util\easing.h">
      <Filter>util</Filter>
    </ClInclude>
    <ClInclude Include="script\MonoException.h">
      <Filter>script</Filter>
    </ClInclude>
    <ClInclude Include="gfx\FontAtlasFactory.h">
      <Filter>gfx\object</Filter>
    </ClInclude>
    <ClInclude Include="phys\collision_detection\collision_capsule.h">
      <Filter>phys\collision</Filter>
    </ClInclude>
    <ClInclude Include="gfx\TextureRenderMeta.h">
      <Filter>gfx</Filter>
    </ClInclude>
    <ClInclude Include="meta\comparator.h">
      <Filter>meta</Filter>
    </ClInclude>
    <ClInclude Include="math\rect.h">
      <Filter>math</Filter>
    </ClInclude>
    <ClInclude Include="phys\collision_detection\collision_capsule_box.h">
      <Filter>phys\collision</Filter>
    </ClInclude>
    <ClInclude Include="phys\collision_detection\collision_capsule_sphere.h">
      <Filter>phys\collision</Filter>
    </ClInclude>
    <ClInclude Include="ui\Image.h">
      <Filter>ui</Filter>
    </ClInclude>
    <ClInclude Include="ui\Canvas.h">
      <Filter>ui</Filter>
    </ClInclude>
    <ClInclude Include="ui\UISystem.h">
      <Filter>ui</Filter>
    </ClInclude>
    <ClInclude Include="ui\RectTransform.h">
      <Filter>ui</Filter>
    </ClInclude>
    <ClInclude Include="multithread_control.h">
      <Filter>util</Filter>
    </ClInclude>
    <ClInclude Include="meta\stl_hack.h">
      <Filter>meta</Filter>
    </ClInclude>
    <ClInclude Include="ui\Text.h">
      <Filter>ui</Filter>
    </ClInclude>
    <ClInclude Include="gfx\TextAnchor.h">
      <Filter>gfx\font</Filter>
    </ClInclude>
    <ClInclude Include="gfx\TextAlignment.h">
      <Filter>gfx\font</Filter>
    </ClInclude>
    <ClInclude Include="gfx\TextMesh.h">
      <Filter>gfx\font</Filter>
    </ClInclude>
    <ClInclude Include="anim\AnimationTransition.h">
      <Filter>anim</Filter>
    </ClInclude>
    <ClInclude Include="anim\AnimationTypes.h">
      <Filter>anim</Filter>
    </ClInclude>
    <ClInclude Include="gfx\ShaderSnippetLoader.h">
      <Filter>gfx</Filter>
    </ClInclude>
    <ClInclude Include="gfx\ShaderIncluder.h">
      <Filter>gfx</Filter>
    </ClInclude>
    <ClInclude Include="gfx\ShaderSnippet.h">
      <Filter>gfx</Filter>
    </ClInclude>
    <ClInclude Include="gfx\ShaderSnippetFactory.h">
      <Filter>gfx</Filter>
    </ClInclude>
    <ClInclude Include="gfx\RenderRequest.h">
      <Filter>gfx</Filter>
    </ClInclude>
    <ClInclude Include="pch_common.h" />
    <ClInclude Include="gfx\ColorPickResult.h">
      <Filter>gfx\object</Filter>
    </ClInclude>
    <ClInclude Include="memory\ArenaAllocator.h">
      <Filter>memory</Filter>
    </ClInclude>
    <ClInclude Include="parallel\circular_buffer.h">
      <Filter>ds</Filter>
    </ClInclude>
    <ClInclude Include="gfx\ColorPickRequest.h">
      <Filter>gfx</Filter>
    </ClInclude>
    <ClInclude Include="network\Player.h">
      <Filter>network</Filter>
    </ClInclude>
    <ClInclude Include="network\Address.h">
      <Filter>network\data</Filter>
    </ClInclude>
    <ClInclude Include="network\Server.h">
      <Filter>network\system</Filter>
    </ClInclude>
    <ClInclude Include="network\NetworkSystem.h">
      <Filter>network\system</Filter>
    </ClInclude>
    <ClInclude Include="network\Adapter.h">
      <Filter>network\system</Filter>
    </ClInclude>
    <ClInclude Include="network\Client.h">
      <Filter>network\system</Filter>
    </ClInclude>
    <ClInclude Include="network\PersistManager.h">
      <Filter>network\managers</Filter>
    </ClInclude>
    <ClInclude Include="network\ClassRep.h">
      <Filter>network\managers</Filter>
    </ClInclude>
    <ClInclude Include="network\EventManager.h">
      <Filter>network\substream managers</Filter>
    </ClInclude>
    <ClInclude Include="network\SubstreamManager.h">
      <Filter>network\managers</Filter>
    </ClInclude>
    <ClInclude Include="network\ClientConnectionManager.h">
      <Filter>network\managers</Filter>
    </ClInclude>
    <ClInclude Include="network\ServerConnectionManager.h">
      <Filter>network\managers</Filter>
    </ClInclude>
    <ClInclude Include="network\GameConfiguration.h">
      <Filter>network</Filter>
    </ClInclude>
    <ClInclude Include="gfx\CompiledMesh.h">
      <Filter>gfx</Filter>
    </ClInclude>
    <ClInclude Include="gfx\CompiledTexture.h">
      <Filter>gfx</Filter>
    </ClInclude>
    <ClInclude Include="parallel\cache_aligned_wrapper.h">
      <Filter>util</Filter>
    </ClInclude>
    <ClInclude Include="res\CompiledAssetLoader.h">
      <Filter>res</Filter>
    </ClInclude>
    <ClInclude Include="res\CompiledAssets.h">
      <Filter>res</Filter>
    </ClInclude>
    <ClInclude Include="gfx\GraphFactory.h">
      <Filter>gfx\shadergraph</Filter>
    </ClInclude>
    <ClInclude Include="res\IAssetLoader.h">
      <Filter>res</Filter>
    </ClInclude>
    <ClInclude Include="parallel\HazardPointerDL.h">
      <Filter>parallel</Filter>
    </ClInclude>
    <ClInclude Include="ReflectReg_Common.inl">
      <Filter>reflect</Filter>
    </ClInclude>
    <ClInclude Include="ReflectReg_Components.inl">
      <Filter>reflect</Filter>
    </ClInclude>
    <ClInclude Include="ReflectReg_GfxComponents.inl">
      <Filter>reflect</Filter>
    </ClInclude>
    <ClInclude Include="ReflectReg_Resources.inl">
      <Filter>reflect</Filter>
    </ClInclude>
    <ClInclude Include="ReflectRegistration.inl">
      <Filter>reflect</Filter>
    </ClInclude>
    <ClInclude Include="ds\index_span.h">
      <Filter>ds</Filter>
    </ClInclude>
    <ClInclude Include="common\LayerMask.h">
      <Filter>common</Filter>
    </ClInclude>
    <ClInclude Include="ds\sliding_window.h">
      <Filter>ds</Filter>
    </ClInclude>
    <ClInclude Include="parallel\ThreadPool.h">
      <Filter>parallel</Filter>
    </ClInclude>
    <ClInclude Include="res\ResourceExtension.h">
      <Filter>res</Filter>
    </ClInclude>
    <ClInclude Include="gfx\RenderTargetMeta.h">
      <Filter>gfx</Filter>
    </ClInclude>
    <ClInclude Include="gfx\TextureInternalFormat.h">
      <Filter>gfx</Filter>
    </ClInclude>
    <ClInclude Include="parallel\queue.h">
      <Filter>parallel</Filter>
    </ClInclude>
    <ClInclude Include="network\TestMessage.h">
      <Filter>network\messages</Filter>
    </ClInclude>
    <ClInclude Include="network\IncludeMessages.h">
      <Filter>network\messages</Filter>
    </ClInclude>
    <ClInclude Include="network\ConnectionManager.h">
      <Filter>network\managers</Filter>
    </ClInclude>
    <ClInclude Include="network\IDManager.h">
      <Filter>network\managers</Filter>
    </ClInclude>
    <ClInclude Include="network\network.h">
      <Filter>network</Filter>
    </ClInclude>
    <ClInclude Include="network\ElectronView.h">
      <Filter>network\views</Filter>
    </ClInclude>
    <ClInclude Include="network\ElectronTransformView.h">
      <Filter>network\views</Filter>
    </ClInclude>
    <ClInclude Include="network\EventInstantiatePrefabMessage.h">
      <Filter>network\messages</Filter>
    </ClInclude>
    <ClInclude Include="network\GhostMessage.h">
      <Filter>network\messages</Filter>
    </ClInclude>
    <ClInclude Include="network\GhostManager.h">
      <Filter>network\substream managers</Filter>
    </ClInclude>
    <ClInclude Include="network\GhostFlags.h">
      <Filter>network\messages</Filter>
    </ClInclude>
    <ClInclude Include="network\EventTransferOwnershipMessage.h">
      <Filter>network\messages</Filter>
    </ClInclude>
    <ClInclude Include="network\ServerMoveManager.h">
      <Filter>network\substream managers</Filter>
    </ClInclude>
    <ClInclude Include="network\MoveClientMessage.h">
      <Filter>network\messages</Filter>
    </ClInclude>
    <ClInclude Include="network\ClientMoveManager.h">
      <Filter>network\substream managers</Filter>
    </ClInclude>
    <ClInclude Include="phys\AAbbTree.h">
      <Filter>phys\aabb tree</Filter>
    </ClInclude>
    <ClInclude Include="phys\AabbTree_utils.h">
      <Filter>phys\aabb tree</Filter>
    </ClInclude>
    <ClInclude Include="gfx\RenderTargetMeta.h" />
    <ClInclude Include="gfx\TextureInternalFormat.h" />
    <ClInclude Include="gfx\CascadedSet.h">
      <Filter>gfx\light</Filter>
    </ClInclude>
    <ClInclude Include="gfx\Lightmap.h">
      <Filter>gfx\light</Filter>
    </ClInclude>
    <ClInclude Include="network\EventLoadLevelMessage.h">
      <Filter>network\messages</Filter>
    </ClInclude>
    <ClInclude Include="network\EventInvokeRPCMessage.h">
      <Filter>network\messages</Filter>
    </ClInclude>
    <ClInclude Include="ds\lazy_vector.h">
      <Filter>ds</Filter>
    </ClInclude>
    <ClInclude Include="ds\Flags.h">
      <Filter>ds</Filter>
    </ClInclude>
    <ClInclude Include="res\compiled_asset_tags.h" />
    <ClInclude Include="network\ElectronRigidbodyView.h">
      <Filter>network\views</Filter>
    </ClInclude>
    <ClInclude Include="scene\SceneGraph.h">
      <Filter>scene</Filter>
    </ClInclude>
    <ClInclude Include="gfx\ShadowMapPool.h">
      <Filter>gfx</Filter>
    </ClInclude>
    <ClInclude Include="util\property_path.h">
      <Filter>util</Filter>
    </ClInclude>
    <ClInclude Include="parallel\queue.h">
      <Filter>parallel</Filter>
    </ClInclude>
    <ClInclude Include="parallel\ThreadPool.h">
      <Filter>parallel</Filter>
    </ClInclude>
    <ClInclude Include="parallel\HazardPointerDL.h">
      <Filter>parallel</Filter>
    </ClInclude>
    <ClInclude Include="util\ExtraVars.h">
      <Filter>util</Filter>
    </ClInclude>
    <ClInclude Include="network\Device.h">
      <Filter>network</Filter>
    </ClInclude>
  </ItemGroup>
  <ItemGroup>
    <ClCompile Include="math\matrix.cpp">
      <Filter>math</Filter>
    </ClCompile>
    <ClCompile Include="math\vector.cpp">
      <Filter>math</Filter>
    </ClCompile>
    <ClCompile Include="common\Transform.cpp">
      <Filter>common</Filter>
    </ClCompile>
    <ClCompile Include="pch.cpp" />
    <ClCompile Include="core\Handle.cpp">
      <Filter>core\handles</Filter>
    </ClCompile>
    <ClCompile Include="math\quaternion.cpp">
      <Filter>math</Filter>
    </ClCompile>
    <ClCompile Include="core\SystemManager.cpp">
      <Filter>core\systems</Filter>
    </ClCompile>
    <ClCompile Include="core\GameObject.cpp">
      <Filter>core\data</Filter>
    </ClCompile>
    <ClCompile Include="core\GameState.cpp">
      <Filter>core\data</Filter>
    </ClCompile>
    <ClCompile Include="core\Core.cpp">
      <Filter>core</Filter>
    </ClCompile>
    <ClCompile Include="core\Scheduler.cpp">
      <Filter>core\scheduler</Filter>
    </ClCompile>
    <ClCompile Include="reflect\dynamic.cpp">
      <Filter>reflect</Filter>
    </ClCompile>
    <ClCompile Include="reflect\reflect.cpp">
      <Filter>reflect</Filter>
    </ClCompile>
    <ClCompile Include="reflect\type.cpp">
      <Filter>reflect</Filter>
    </ClCompile>
    <ClCompile Include="audio\AudioSystem.cpp">
      <Filter>audio</Filter>
    </ClCompile>
    <ClCompile Include="audio\AudioClip.cpp">
      <Filter>audio</Filter>
    </ClCompile>
    <ClCompile Include="res\ResourceManager.cpp">
      <Filter>res</Filter>
    </ClCompile>
    <ClCompile Include="file\FileSystemInternal.cpp">
      <Filter>file</Filter>
    </ClCompile>
    <ClCompile Include="file\FileSystem.cpp">
      <Filter>file</Filter>
    </ClCompile>
    <ClCompile Include="file\DirectoryWatcher.cpp">
      <Filter>file</Filter>
    </ClCompile>
    <ClCompile Include="scene\SceneFactory.cpp">
      <Filter>scene</Filter>
    </ClCompile>
    <ClCompile Include="scene\SceneManager.cpp">
      <Filter>scene</Filter>
    </ClCompile>
    <ClCompile Include="scene\Scene.cpp">
      <Filter>scene</Filter>
    </ClCompile>
    <ClCompile Include="reflect\uni_container.cpp">
      <Filter>reflect</Filter>
    </ClCompile>
    <ClCompile Include="reflect\enum_type.cpp">
      <Filter>reflect</Filter>
    </ClCompile>
    <ClCompile Include="reflect\enum_value.cpp">
      <Filter>reflect</Filter>
    </ClCompile>
    <ClCompile Include="audio\AudioListener.cpp">
      <Filter>audio</Filter>
    </ClCompile>
    <ClCompile Include="audio\AudioSource.cpp">
      <Filter>audio</Filter>
    </ClCompile>
    <ClCompile Include="test\TestSystem.cpp">
      <Filter>test</Filter>
    </ClCompile>
    <ClCompile Include="gfx\Camera.cpp">
      <Filter>gfx\camera</Filter>
    </ClCompile>
    <ClCompile Include="math\euler_angles.cpp">
      <Filter>math</Filter>
    </ClCompile>
    <ClCompile Include="gfx\DebugRenderer.cpp">
      <Filter>gfx</Filter>
    </ClCompile>
    <ClCompile Include="gfx\buffer_desc.cpp">
      <Filter>gfx</Filter>
    </ClCompile>
    <ClCompile Include="math\random.cpp">
      <Filter>math</Filter>
    </ClCompile>
    <ClCompile Include="gfx\MeshRenderer.cpp">
      <Filter>gfx</Filter>
    </ClCompile>
    <ClCompile Include="gfx\MeshRenderer.cpp">
      <Filter>gfx</Filter>
    </ClCompile>
    <ClCompile Include="gfx\GfxDbgTest.cpp">
      <Filter>gfx</Filter>
    </ClCompile>
    <ClCompile Include="gfx\GraphicsSystem.cpp">
      <Filter>gfx</Filter>
    </ClCompile>
    <ClCompile Include="prefab\Prefab.cpp">
      <Filter>prefab</Filter>
    </ClCompile>
    <ClCompile Include="prefab\PrefabUtility.cpp">
      <Filter>prefab</Filter>
    </ClCompile>
    <ClCompile Include="gfx\Texture.cpp">
      <Filter>gfx</Filter>
    </ClCompile>
    <ClCompile Include="gfx\RenderTarget.cpp">
      <Filter>gfx</Filter>
    </ClCompile>
    <ClCompile Include="gfx\ShaderTemplate.cpp">
      <Filter>gfx\object</Filter>
    </ClCompile>
    <ClCompile Include="gfx\Material.cpp">
      <Filter>gfx\object</Filter>
    </ClCompile>
    <ClCompile Include="common\Name.cpp">
      <Filter>common</Filter>
    </ClCompile>
    <ClCompile Include="serialize\yaml.cpp">
      <Filter>serialize</Filter>
    </ClCompile>
    <ClCompile Include="serialize\yaml_load.cpp">
      <Filter>serialize</Filter>
    </ClCompile>
    <ClCompile Include="anim\Animation.cpp">
      <Filter>anim\res/factories</Filter>
    </ClCompile>
    <ClCompile Include="anim\Skeleton.cpp">
      <Filter>anim\res/factories</Filter>
    </ClCompile>
    <ClCompile Include="anim\SkeletonFactory.cpp">
      <Filter>anim\res/factories</Filter>
    </ClCompile>
    <ClCompile Include="serialize\yaml_dump.cpp">
      <Filter>serialize</Filter>
    </ClCompile>
    <ClCompile Include="prefab\PrefabData.cpp">
      <Filter>prefab</Filter>
    </ClCompile>
    <ClCompile Include="gfx\ShaderTemplateFactory.cpp">
      <Filter>gfx</Filter>
    </ClCompile>
    <ClCompile Include="scene\SceneGraphBuilder.cpp">
      <Filter>common</Filter>
    </ClCompile>
    <ClCompile Include="anim\AnimationSystem.cpp">
      <Filter>anim</Filter>
    </ClCompile>
    <ClCompile Include="util\ioutils.cpp">
      <Filter>util</Filter>
    </ClCompile>
    <ClCompile Include="anim\SkinnedMeshRenderer.cpp">
      <Filter>anim</Filter>
    </ClCompile>
    <ClCompile Include="math\shapes\aabb.cpp">
      <Filter>math\shapes</Filter>
    </ClCompile>
    <ClCompile Include="math\shapes\ray.cpp">
      <Filter>math\shapes</Filter>
    </ClCompile>
    <ClCompile Include="math\shapes\sphere.cpp">
      <Filter>math\shapes</Filter>
    </ClCompile>
    <ClCompile Include="serialize\yaml_dump.cpp">
      <Filter>serialize</Filter>
    </ClCompile>
    <ClCompile Include="math\shapes\box.cpp">
      <Filter>math\shapes</Filter>
    </ClCompile>
    <ClCompile Include="math\shapes\capsule.cpp">
      <Filter>math\shapes</Filter>
    </ClCompile>
    <ClCompile Include="phys\Collider.cpp">
      <Filter>phys</Filter>
    </ClCompile>
    <ClCompile Include="phys\PhysicsSystem.cpp">
      <Filter>phys</Filter>
    </ClCompile>
    <ClCompile Include="phys\RigidBody.cpp">
      <Filter>phys</Filter>
    </ClCompile>
    <ClCompile Include="gfx\Light.cpp">
      <Filter>gfx\light</Filter>
    </ClCompile>
    <ClCompile Include="gfx\ShaderGraph_data.cpp">
      <Filter>gfx\shadergraph</Filter>
    </ClCompile>
    <ClCompile Include="gfx\ShaderGraph.cpp">
      <Filter>gfx\shadergraph</Filter>
    </ClCompile>
    <ClCompile Include="gfx\CubeMap.cpp">
      <Filter>gfx</Filter>
    </ClCompile>
    <ClCompile Include="file\PathHandle.cpp">
      <Filter>file</Filter>
    </ClCompile>
    <ClCompile Include="res\Guid.cpp">
      <Filter>res</Filter>
    </ClCompile>
    <ClCompile Include="phys\collision_detection\collision_box.cpp">
      <Filter>phys\collision</Filter>
    </ClCompile>
    <ClCompile Include="phys\collision_detection\collision_box_sphere.cpp">
      <Filter>phys\collision</Filter>
    </ClCompile>
    <ClCompile Include="phys\raycasts\collision_raycast.cpp">
      <Filter>phys\collision</Filter>
    </ClCompile>
    <ClCompile Include="phys\collision_result.cpp">
      <Filter>phys\collision</Filter>
    </ClCompile>
    <ClCompile Include="phys\collision_detection\collision_sphere.cpp">
      <Filter>phys\collision</Filter>
    </ClCompile>
    <ClCompile Include="phys\collision.cpp">
      <Filter>phys\collision</Filter>
    </ClCompile>
    <ClCompile Include="math\shapes\frustum.cpp">
      <Filter>math\shapes</Filter>
    </ClCompile>
    <ClCompile Include="math\shapes\halfspace.cpp">
      <Filter>math\shapes</Filter>
    </ClCompile>
    <ClCompile Include="gfx\MeshFactory.cpp">
      <Filter>gfx\object</Filter>
    </ClCompile>
    <ClCompile Include="audio\AudioClipLoader.cpp">
      <Filter>audio</Filter>
    </ClCompile>
    <ClCompile Include="gfx\ShaderGraph_helpers.cpp">
      <Filter>gfx\shadergraph</Filter>
    </ClCompile>
    <ClCompile Include="res\GenericResourceHandle.cpp">
      <Filter>res</Filter>
    </ClCompile>
    <ClCompile Include="res\ResourceBundle.cpp">
      <Filter>res</Filter>
    </ClCompile>
    <ClCompile Include="res\MetaBundle.cpp">
      <Filter>res</Filter>
    </ClCompile>
    <ClCompile Include="gfx\MaterialFactory.cpp">
      <Filter>gfx\object</Filter>
    </ClCompile>
    <ClCompile Include="gfx\MaterialInstance.cpp">
      <Filter>gfx\object</Filter>
    </ClCompile>
    <ClCompile Include="gfx\projector_functions.cpp">
      <Filter>gfx</Filter>
    </ClCompile>
    <ClCompile Include="gfx\ShaderTemplateFactory.cpp">
      <Filter>gfx\object</Filter>
    </ClCompile>
    <ClCompile Include="gfx\ShaderTemplateLoader.cpp">
      <Filter>gfx\object</Filter>
    </ClCompile>
    <ClCompile Include="gfx\ShaderProgram.cpp">
      <Filter>gfx\object</Filter>
    </ClCompile>
    <ClCompile Include="anim\Animator.cpp">
      <Filter>anim</Filter>
    </ClCompile>
    <ClCompile Include="script\MonoBehavior.cpp">
      <Filter>script</Filter>
    </ClCompile>
    <ClCompile Include="script\ScriptSystem.cpp">
      <Filter>script</Filter>
    </ClCompile>
    <ClCompile Include="gfx\LightTypes.cpp">
      <Filter>gfx\light</Filter>
    </ClCompile>
    <ClCompile Include="script\ManagedObj.cpp">
      <Filter>script</Filter>
    </ClCompile>
    <ClCompile Include="script\ManagedThunk.cpp">
      <Filter>script</Filter>
    </ClCompile>
    <ClCompile Include="script\ManagedType.cpp">
      <Filter>script</Filter>
    </ClCompile>
    <ClCompile Include="script\MonoEnvironment.cpp">
      <Filter>script</Filter>
    </ClCompile>
    <ClCompile Include="common\TagManager.cpp">
      <Filter>common</Filter>
    </ClCompile>
    <ClCompile Include="script\MonoBehaviorEnvironment.cpp">
      <Filter>script</Filter>
    </ClCompile>
    <ClCompile Include="script\ValueBoxer.cpp">
      <Filter>script</Filter>
    </ClCompile>
    <ClCompile Include="common\Tag.cpp">
      <Filter>common</Filter>
    </ClCompile>
    <ClCompile Include="common\LayerManager.cpp">
      <Filter>common</Filter>
    </ClCompile>
    <ClCompile Include="debug\Log.cpp">
      <Filter>debug</Filter>
    </ClCompile>
    <ClCompile Include="anim\Bone.cpp">
      <Filter>anim</Filter>
    </ClCompile>
    <ClCompile Include="serialize\binary.cpp">
      <Filter>serialize</Filter>
    </ClCompile>
    <ClCompile Include="serialize\text_serialize.cpp">
      <Filter>serialize</Filter>
    </ClCompile>
    <ClCompile Include="serialize\text_parse.cpp">
      <Filter>serialize</Filter>
    </ClCompile>
    <ClCompile Include="script\MonoWrapperEnvironment.cpp">
      <Filter>script</Filter>
    </ClCompile>
    <ClCompile Include="anim\AnimationLayer.cpp">
      <Filter>anim</Filter>
    </ClCompile>
    <ClCompile Include="gfx\CameraFrustum.cpp">
      <Filter>gfx\camera</Filter>
    </ClCompile>
    <ClCompile Include="anim\AnimationState.cpp">
      <Filter>anim</Filter>
    </ClCompile>
    <ClCompile Include="proj\ProjectManager.cpp">
      <Filter>proj</Filter>
    </ClCompile>
    <ClCompile Include="gfx\Framebuffer.cpp">
      <Filter>gfx</Filter>
    </ClCompile>
    <ClCompile Include="debug\LogSingleton.cpp">
      <Filter>debug</Filter>
    </ClCompile>
    <ClCompile Include="debug\LogSystem.cpp">
      <Filter>debug</Filter>
    </ClCompile>
    <ClCompile Include="particle\ParticleData.cpp">
      <Filter>particle</Filter>
    </ClCompile>
    <ClCompile Include="particle\ParticleSystem.cpp">
      <Filter>particle</Filter>
    </ClCompile>
    <ClCompile Include="particle\ParticleSystemModules.cpp">
      <Filter>particle</Filter>
    </ClCompile>
    <ClCompile Include="particle\ParticleSystemUpdater.cpp">
      <Filter>particle</Filter>
    </ClCompile>
    <ClCompile Include="gfx\ViewportUtil.cpp">
      <Filter>gfx\camera</Filter>
    </ClCompile>
    <ClCompile Include="script\ValueUnboxer.cpp">
      <Filter>script</Filter>
    </ClCompile>
    <ClCompile Include="math\ritters.cpp">
      <Filter>math\shapes</Filter>
    </ClCompile>
    <ClCompile Include="common\Layer.cpp">
      <Filter>common</Filter>
    </ClCompile>
    <ClCompile Include="core\NullHandleException.cpp">
      <Filter>core</Filter>
    </ClCompile>
    <ClCompile Include="gfx\FontAtlas.cpp">
      <Filter>gfx\font</Filter>
    </ClCompile>
    <ClCompile Include="gfx\FontAtlasFactory.cpp">
      <Filter>gfx\object</Filter>
    </ClCompile>
    <ClCompile Include="util\easing.cpp">
      <Filter>util</Filter>
    </ClCompile>
    <ClCompile Include="phys\collision_detection\collision_capsule.cpp">
      <Filter>phys\collision</Filter>
    </ClCompile>
    <ClCompile Include="anim\AnimationUtils.cpp">
      <Filter>anim\utils</Filter>
    </ClCompile>
    <ClCompile Include="gfx\FramebufferFactory.cpp">
      <Filter>gfx</Filter>
    </ClCompile>
    <ClCompile Include="phys\collision_detection\collision_capsule_box.cpp">
      <Filter>phys\collision</Filter>
    </ClCompile>
    <ClCompile Include="phys\collision_detection\collision_capsule_sphere.cpp">
      <Filter>phys\collision</Filter>
    </ClCompile>
    <ClCompile Include="ui\UISystem.cpp">
      <Filter>ui</Filter>
    </ClCompile>
    <ClCompile Include="prefab\PrefabInstance.cpp">
      <Filter>prefab</Filter>
    </ClCompile>
    <ClCompile Include="gfx\FontData.cpp">
      <Filter>gfx\font</Filter>
    </ClCompile>
    <ClCompile Include="gfx\ShaderIncluder.cpp">
      <Filter>gfx</Filter>
    </ClCompile>
    <ClCompile Include="gfx\ShaderSnippetLoader.cpp">
      <Filter>gfx</Filter>
    </ClCompile>
    <ClCompile Include="network\Address.cpp">
      <Filter>network\data</Filter>
    </ClCompile>
    <ClCompile Include="network\Server.cpp">
      <Filter>network\system</Filter>
    </ClCompile>
    <ClCompile Include="network\NetworkSystem.cpp">
      <Filter>network\system</Filter>
    </ClCompile>
    <ClCompile Include="network\Adapter.cpp">
      <Filter>network\system</Filter>
    </ClCompile>
    <ClCompile Include="network\Client.cpp">
      <Filter>network\system</Filter>
    </ClCompile>
    <ClCompile Include="network\ClientConnectionManager.cpp">
      <Filter>network\managers</Filter>
    </ClCompile>
    <ClCompile Include="network\ServerConnectionManager.cpp">
      <Filter>network\managers</Filter>
    </ClCompile>
    <ClCompile Include="network\GameConfiguration.cpp">
      <Filter>network</Filter>
    </ClCompile>
    <ClCompile Include="util\easing.cpp">
      <Filter>math</Filter>
    </ClCompile>
    <ClCompile Include="gfx\GraphFactory.cpp">
      <Filter>gfx\shadergraph</Filter>
    </ClCompile>
    <ClCompile Include="network\EventManager.cpp">
      <Filter>network\substream managers</Filter>
    </ClCompile>
    <ClCompile Include="parallel\ThreadPool.cpp">
      <Filter>parallel</Filter>
    </ClCompile>
    <ClCompile Include="res\ResourceMeta.cpp">
      <Filter>res</Filter>
    </ClCompile>
    <ClCompile Include="gfx\TextureInternalFormat.cpp">
      <Filter>gfx</Filter>
    </ClCompile>
    <ClCompile Include="test\TestComponent.cpp">
      <Filter>test</Filter>
    </ClCompile>
    <ClCompile Include="network\GhostManager.cpp">
      <Filter>network\substream managers</Filter>
    </ClCompile>
    <ClCompile Include="network\IDManager.cpp">
      <Filter>network\managers</Filter>
    </ClCompile>
    <ClCompile Include="network\SubstreamManager.cpp">
      <Filter>network\managers</Filter>
    </ClCompile>
    <ClCompile Include="network\MoveClientMessage.cpp">
      <Filter>network\messages</Filter>
    </ClCompile>
    <ClCompile Include="network\GhostMessage.cpp">
      <Filter>network\messages</Filter>
    </ClCompile>
    <ClCompile Include="network\ElectronTransformView.cpp">
      <Filter>network\views</Filter>
    </ClCompile>
    <ClCompile Include="network\ServerMoveManager.cpp">
      <Filter>network\substream managers</Filter>
    </ClCompile>
    <ClCompile Include="network\ClientMoveManager.cpp">
      <Filter>network\substream managers</Filter>
    </ClCompile>
    <ClCompile Include="gfx\TextureInternalFormat.cpp" />
    <ClCompile Include="gfx\CascadedSet.cpp">
      <Filter>gfx\light</Filter>
    </ClCompile>
    <ClCompile Include="gfx\Lightmap.cpp">
      <Filter>gfx\light</Filter>
    </ClCompile>
    <ClCompile Include="phys\AabbTree.cpp">
      <Filter>phys\aabb tree</Filter>
    </ClCompile>
    <ClCompile Include="network\EventLoadLevelMessage.cpp" />
    <ClCompile Include="network\EventManager_OnRPCInvoke.cpp" />
    <ClCompile Include="network\ElectronView.cpp" />
    <ClCompile Include="network\ElectronRigidbodyView.cpp" />
    <ClCompile Include="gfx\ColorPickRequest.cpp">
      <Filter>gfx</Filter>
    </ClCompile>
    <ClCompile Include="gfx\ShadowMapPool.cpp">
      <Filter>gfx</Filter>
    </ClCompile>
    <ClCompile Include="util\property_path.cpp">
      <Filter>util</Filter>
    </ClCompile>
    <ClCompile Include="scene\SceneGraph.cpp" />
  </ItemGroup>
  <ItemGroup>
    <None Include="math\matrix.inl">
      <Filter>math</Filter>
    </None>
    <None Include="math\vector.inl">
      <Filter>math</Filter>
    </None>
    <None Include="math\angle.inl">
      <Filter>math</Filter>
    </None>
    <None Include="math\constants.inl">
      <Filter>math</Filter>
    </None>
    <None Include="math\arith.inl">
      <Filter>math</Filter>
    </None>
    <None Include="event\Dispatcher.inl">
      <Filter>event</Filter>
    </None>
    <None Include="event\Dispatcher_detail.inl">
      <Filter>event</Filter>
    </None>
    <None Include="math\quaternion.inl">
      <Filter>math</Filter>
    </None>
    <None Include="core\Handle.inl">
      <Filter>core\handles</Filter>
    </None>
    <None Include="core\ObjectPool.inl">
      <Filter>core\handles</Filter>
    </None>
    <None Include="math\matrix_transforms.inl">
      <Filter>math</Filter>
    </None>
    <None Include="core\SystemManager.inl">
      <Filter>core\systems</Filter>
    </None>
    <None Include="core\GameObject.inl">
      <Filter>core\data</Filter>
    </None>
    <None Include="core\GameState.inl">
      <Filter>core\data</Filter>
    </None>
    <None Include="core\Core.inl">
      <Filter>core</Filter>
    </None>
    <None Include="core\Scheduler.inl">
      <Filter>core\scheduler</Filter>
    </None>
    <None Include="meta\casts.inl">
      <Filter>meta</Filter>
    </None>
    <None Include="meta\meta.inl">
      <Filter>meta</Filter>
    </None>
    <None Include="ds\pool.inl">
      <Filter>ds</Filter>
    </None>
    <None Include="ds\range.inl">
      <Filter>ds</Filter>
    </None>
    <None Include="ds\ranged_for.inl">
      <Filter>ds</Filter>
    </None>
    <None Include="ds\span.inl">
      <Filter>ds</Filter>
    </None>
    <None Include="ds\zip.inl">
      <Filter>ds</Filter>
    </None>
    <None Include="reflect\dynamic.inl">
      <Filter>reflect</Filter>
    </None>
    <None Include="reflect\reflect.inl">
      <Filter>reflect</Filter>
    </None>
    <None Include="reflect\type.inl">
      <Filter>reflect</Filter>
    </None>
    <None Include="res\ResourceHandle.inl">
      <Filter>res</Filter>
    </None>
    <None Include="res\ResourceManager.inl">
      <Filter>res</Filter>
    </None>
    <None Include="util\string_hash.inl">
      <Filter>util</Filter>
    </None>
    <None Include="scene\Scene.inl">
      <Filter>scene</Filter>
    </None>
    <None Include="reflect\uni_container.inl">
      <Filter>reflect</Filter>
    </None>
    <None Include="reflect\enum_type.inl">
      <Filter>reflect</Filter>
    </None>
    <None Include="ds\compressed_pair.inl">
      <Filter>ds</Filter>
    </None>
    <None Include="ds\small_string.inl">
      <Filter>ds</Filter>
    </None>
    <None Include="math\matrix_decomposition.inl">
      <Filter>math</Filter>
    </None>
    <None Include="math\comparable.inl">
      <Filter>math</Filter>
    </None>
    <None Include="event\Signal.inl">
      <Filter>event</Filter>
    </None>
    <None Include="meta\tuple.inl">
      <Filter>meta</Filter>
    </None>
    <None Include="math\color.inl">
      <Filter>math</Filter>
    </None>
    <None Include="ds\dual_set.inl">
      <Filter>ds</Filter>
    </None>
    <None Include="meta\tag.inl">
      <Filter>meta</Filter>
    </None>
    <None Include="res\ResourceMeta.inl">
      <Filter>res</Filter>
    </None>
    <None Include="reflect\detail\constructor_entry.inl">
      <Filter>reflect\detail</Filter>
    </None>
    <None Include="reflect\detail\meta_manager.inl">
      <Filter>reflect\detail</Filter>
    </None>
    <None Include="reflect\detail\table_storage.inl">
      <Filter>reflect\detail</Filter>
    </None>
    <None Include="reflect\detail\visit_detail.inl">
      <Filter>reflect\detail</Filter>
    </None>
    <None Include="ds\circular_buffer.inl">
      <Filter>ds</Filter>
    </None>
    <None Include="serialize\yaml.inl">
      <Filter>serialize</Filter>
    </None>
    <None Include="ds\slow_tree.inl">
      <Filter>ds</Filter>
    </None>
    <None Include="math\linear.inl">
      <Filter>math</Filter>
    </None>
    <None Include="res\Guid.inl">
      <Filter>res</Filter>
    </None>
    <None Include="phys\raycasts\collision_raycast.inl">
      <Filter>phys\collision</Filter>
    </None>
    <None Include="ds\result.inl">
      <Filter>ds</Filter>
    </None>
    <None Include="meta\variant.inl">
      <Filter>meta</Filter>
    </None>
    <None Include="res\SaveableResourceLoader.inl">
      <Filter>res</Filter>
    </None>
    <None Include="res\ResourceBundle.inl">
      <Filter>res</Filter>
    </None>
    <None Include="res\ResourceUtils.inl">
      <Filter>res</Filter>
    </None>
    <None Include="serialize\binary.inl">
      <Filter>serialize</Filter>
    </None>
    <None Include="serialize\text.inl">
      <Filter>serialize</Filter>
    </None>
    <None Include="script\ManagedObj.inl">
      <Filter>script</Filter>
    </None>
    <None Include="meta\comparator.inl">
      <Filter>meta</Filter>
    </None>
    <None Include="anim\Animator.inl">
      <Filter>anim\detail</Filter>
    </None>
    <None Include="res\MetaBundle.inl">
      <Filter>res</Filter>
    </None>
    <None Include="memory\ArenaAllocator.inl">
      <Filter>memory</Filter>
    </None>
    <None Include="network\ClientConnectionManager.inl">
      <Filter>network\managers</Filter>
    </None>
    <None Include="network\ServerConnectionManager.inl">
      <Filter>network\managers</Filter>
    </None>
    <None Include="res\CompiledAssetLoader.inl">
      <Filter>res</Filter>
    </None>
    <None Include="ReflectReg_AnimComponents.inl">
      <Filter>reflect</Filter>
    </None>
    <None Include="ds\sliding_window.inl">
      <Filter>ds</Filter>
    </None>
    <None Include="network\ConnectionManager.inl">
      <Filter>network\managers</Filter>
    </None>
    <None Include="network\SubstreamManager.inl">
      <Filter>network\managers</Filter>
    </None>
    <None Include="network\NetworkSystem.inl">
      <Filter>network\system</Filter>
    </None>
    <None Include="ds\index_span.inl">
      <Filter>ds</Filter>
    </None>
    <None Include="network\ElectronView.inl">
      <Filter>network\views</Filter>
    </None>
    <None Include="scene\SceneGraph.inl">
      <Filter>scene</Filter>
    </None>
  </ItemGroup>
  <ItemGroup>
    <Natvis Include="_natvis\matrix.natvis">
      <Filter>_natvis</Filter>
    </Natvis>
    <Natvis Include="_natvis\vector.natvis">
      <Filter>_natvis</Filter>
    </Natvis>
    <Natvis Include="_natvis\angle.natvis">
      <Filter>_natvis</Filter>
    </Natvis>
    <Natvis Include="_natvis\objectpool.natvis">
      <Filter>_natvis</Filter>
    </Natvis>
    <Natvis Include="_natvis\scene.natvis">
      <Filter>_natvis</Filter>
    </Natvis>
    <Natvis Include="_natvis\guid.natvis">
      <Filter>_natvis</Filter>
    </Natvis>
    <Natvis Include="_natvis\reflect.natvis">
      <Filter>_natvis</Filter>
    </Natvis>
    <Natvis Include="_natvis\ds.natvis">
      <Filter>_natvis</Filter>
    </Natvis>
    <Natvis Include="_natvis\yaml.natvis">
      <Filter>_natvis</Filter>
    </Natvis>
    <Natvis Include="_natvis\filesystem.natvis">
      <Filter>_natvis</Filter>
    </Natvis>
  </ItemGroup>
</Project>