<?xml version="1.0" encoding="utf-8"?>
<Project ToolsVersion="4.0" xmlns="http://schemas.microsoft.com/developer/msbuild/2003">
  <ItemGroup>
    <Filter Include="math">
      <UniqueIdentifier>{53e7f8f8-6df9-4b02-a9e3-304987e31f2a}</UniqueIdentifier>
    </Filter>
    <Filter Include="gfx">
      <UniqueIdentifier>{80273e76-a09c-4086-9f9f-99345a0eed46}</UniqueIdentifier>
    </Filter>
    <Filter Include="phys">
      <UniqueIdentifier>{34a13a27-ba70-439e-aaf7-b6bf4f887d62}</UniqueIdentifier>
    </Filter>
    <Filter Include="core">
      <UniqueIdentifier>{3e80c68e-7de8-4d50-b93b-73b2f086139f}</UniqueIdentifier>
    </Filter>
    <Filter Include="event">
      <UniqueIdentifier>{6dce53f3-2c69-45f3-bd07-fd318b7b7fa4}</UniqueIdentifier>
    </Filter>
    <Filter Include="math\detail">
      <UniqueIdentifier>{5af6f78e-707b-4276-a9a0-e716d6f48fd9}</UniqueIdentifier>
    </Filter>
    <Filter Include="_natvis">
      <UniqueIdentifier>{96518433-03f0-4cae-b02e-a7ee5d114378}</UniqueIdentifier>
      <Extensions>.natvis</Extensions>
    </Filter>
    <Filter Include="common">
      <UniqueIdentifier>{3826792b-f531-4783-8d98-3701dfbfed9e}</UniqueIdentifier>
    </Filter>
    <Filter Include="core\handles">
      <UniqueIdentifier>{d846b40e-7906-4078-8b7f-8d84c275fb09}</UniqueIdentifier>
    </Filter>
    <Filter Include="core\systems">
      <UniqueIdentifier>{e9ec1801-713d-4a1e-aad5-cd280a9475b3}</UniqueIdentifier>
    </Filter>
    <Filter Include="app">
      <UniqueIdentifier>{5d473ef9-9c8f-4c26-b00a-c8cae94ebafc}</UniqueIdentifier>
    </Filter>
    <Filter Include="core\data">
      <UniqueIdentifier>{b9353ace-94fa-482f-9bd7-4d80ad8a72b5}</UniqueIdentifier>
    </Filter>
    <Filter Include="editor">
      <UniqueIdentifier>{57b8eb10-df35-46c8-a29b-102a5407f9ee}</UniqueIdentifier>
    </Filter>
    <Filter Include="core\scheduler">
      <UniqueIdentifier>{82227ccb-af0a-4741-9672-d6d2d40250ee}</UniqueIdentifier>
    </Filter>
    <Filter Include="ds">
      <UniqueIdentifier>{acb92b6f-fb51-44a4-9ad4-27dff0238f24}</UniqueIdentifier>
    </Filter>
    <Filter Include="meta">
      <UniqueIdentifier>{b971d9c9-d118-4c1c-b5f6-e5cd1e1d892c}</UniqueIdentifier>
    </Filter>
    <Filter Include="reflect">
      <UniqueIdentifier>{ce3af906-101e-456b-861e-f589d72ec66c}</UniqueIdentifier>
    </Filter>
    <Filter Include="audio">
      <UniqueIdentifier>{6ff4483c-a1e1-4b5c-a9ee-6ad66c7a3c89}</UniqueIdentifier>
    </Filter>
    <Filter Include="res">
      <UniqueIdentifier>{0bd97395-0815-4a82-a32b-3f8047af46ea}</UniqueIdentifier>
    </Filter>
    <Filter Include="util">
      <UniqueIdentifier>{f17c41f6-99d2-4166-9856-059caddc0284}</UniqueIdentifier>
    </Filter>
    <Filter Include="serialize">
      <UniqueIdentifier>{1edb08ba-9e8a-420f-aa06-8800e1ee860c}</UniqueIdentifier>
    </Filter>
    <Filter Include="file">
      <UniqueIdentifier>{f2473f67-3de9-4860-9834-dbb2b1f6c894}</UniqueIdentifier>
    </Filter>
    <Filter Include="shapes">
      <UniqueIdentifier>{904683d7-e103-49da-b891-54115b8bd059}</UniqueIdentifier>
    </Filter>
    <Filter Include="core\scene">
      <UniqueIdentifier>{ef6ed219-6b06-437d-bf5f-a85f74a19f89}</UniqueIdentifier>
    </Filter>
    <Filter Include="scene">
      <UniqueIdentifier>{08f522a2-1b53-4a51-a302-0433f32e7f80}</UniqueIdentifier>
    </Filter>
    <Filter Include="test">
      <UniqueIdentifier>{148836fd-f730-4b91-b802-ac1fb0c2f6c1}</UniqueIdentifier>
    </Filter>
    <Filter Include="gfx\camera">
      <UniqueIdentifier>{0d1b9113-c907-43df-b410-c093c7174929}</UniqueIdentifier>
    </Filter>
    <Filter Include="gfx\object">
      <UniqueIdentifier>{d25200eb-6b2c-4974-ab2d-f1f2adee7057}</UniqueIdentifier>
    </Filter>
    <Filter Include="math\interp">
      <UniqueIdentifier>{c78cfeac-2107-48ce-841f-4eabae9d7857}</UniqueIdentifier>
    </Filter>
  </ItemGroup>
  <ItemGroup>
    <ClInclude Include="math\matrix.h">
      <Filter>math</Filter>
    </ClInclude>
    <ClInclude Include="math\vector.h">
      <Filter>math</Filter>
    </ClInclude>
    <ClInclude Include="math\vector_dim.h">
      <Filter>math\detail</Filter>
    </ClInclude>
    <ClInclude Include="math\vector_detail.h">
      <Filter>math\detail</Filter>
    </ClInclude>
    <ClInclude Include="math\angle.h">
      <Filter>math</Filter>
    </ClInclude>
    <ClInclude Include="math\constants.h">
      <Filter>math</Filter>
    </ClInclude>
    <ClInclude Include="math\arith.h">
      <Filter>math</Filter>
    </ClInclude>
    <ClInclude Include="event\Dispatcher.h">
      <Filter>event</Filter>
    </ClInclude>
    <ClInclude Include="event\Dispatcher_detail.h">
      <Filter>event</Filter>
    </ClInclude>
    <ClInclude Include="math\vector_swizzle.h">
      <Filter>math\detail</Filter>
    </ClInclude>
    <ClInclude Include="common\Transform.h">
      <Filter>common</Filter>
    </ClInclude>
    <ClInclude Include="math\quaternion.h">
      <Filter>math</Filter>
    </ClInclude>
    <ClInclude Include="idk.h" />
    <ClInclude Include="stdafx.h" />
    <ClInclude Include="common\Parent.h">
      <Filter>common</Filter>
    </ClInclude>
    <ClInclude Include="core\Handle.h">
      <Filter>core\handles</Filter>
    </ClInclude>
    <ClInclude Include="idk_config.h" />
    <ClInclude Include="core\ObjectPool.h">
      <Filter>core\handles</Filter>
    </ClInclude>
    <ClInclude Include="math\matrix_transforms.h">
      <Filter>math</Filter>
    </ClInclude>
    <ClInclude Include="core\ISystem.h">
      <Filter>core\systems</Filter>
    </ClInclude>
    <ClInclude Include="app\Application.h">
      <Filter>app</Filter>
    </ClInclude>
    <ClInclude Include="core\SystemManager.h">
      <Filter>core\systems</Filter>
    </ClInclude>
    <ClInclude Include="core\Core.h">
      <Filter>core</Filter>
    </ClInclude>
    <ClInclude Include="core\Component.h">
      <Filter>core\data</Filter>
    </ClInclude>
    <ClInclude Include="core\GameObject.h">
      <Filter>core\data</Filter>
    </ClInclude>
    <ClInclude Include="core\GameState.h">
      <Filter>core\data</Filter>
    </ClInclude>
    <ClInclude Include="core\GameState_detail.h">
      <Filter>core\data</Filter>
    </ClInclude>
    <ClInclude Include="editor\IEditor.h">
      <Filter>editor</Filter>
    </ClInclude>
    <ClInclude Include="core\Handleables.h">
      <Filter>core\handles</Filter>
    </ClInclude>
    <ClInclude Include="core\SystemManager_detail.h">
      <Filter>core\systems</Filter>
    </ClInclude>
    <ClInclude Include="app\Keys.h">
      <Filter>app</Filter>
    </ClInclude>
    <ClInclude Include="core\Scheduler.h">
      <Filter>core\scheduler</Filter>
    </ClInclude>
    <ClInclude Include="meta\casts.h">
      <Filter>meta</Filter>
    </ClInclude>
    <ClInclude Include="meta\meta.h">
      <Filter>meta</Filter>
    </ClInclude>
    <ClInclude Include="ds\pool.h">
      <Filter>ds</Filter>
    </ClInclude>
    <ClInclude Include="ds\range.h">
      <Filter>ds</Filter>
    </ClInclude>
    <ClInclude Include="ds\ranged_for.h">
      <Filter>ds</Filter>
    </ClInclude>
    <ClInclude Include="ds\span.h">
      <Filter>ds</Filter>
    </ClInclude>
    <ClInclude Include="ds\zip.h">
      <Filter>ds</Filter>
    </ClInclude>
    <ClInclude Include="gfx\GraphicsSystem.h">
      <Filter>gfx</Filter>
    </ClInclude>
    <ClInclude Include="idk_reflect_types.h" />
    <ClInclude Include="reflect\constructor_entry.h">
      <Filter>reflect</Filter>
    </ClInclude>
    <ClInclude Include="reflect\reflect.h">
      <Filter>reflect</Filter>
    </ClInclude>
    <ClInclude Include="reflect\typed_context.inl">
      <Filter>reflect</Filter>
    </ClInclude>
    <ClInclude Include="audio\AudioSystem.h">
      <Filter>audio</Filter>
    </ClInclude>
    <ClInclude Include="audio\AudioClip.h">
      <Filter>audio</Filter>
    </ClInclude>
    <ClInclude Include="audio\AudioClipInfo.h">
      <Filter>audio</Filter>
    </ClInclude>
    <ClInclude Include="res\Resource.h">
      <Filter>res</Filter>
    </ClInclude>
    <ClInclude Include="res\ResourceFactory.h">
      <Filter>res</Filter>
    </ClInclude>
    <ClInclude Include="res\ResourceHandle.h">
      <Filter>res</Filter>
    </ClInclude>
    <ClInclude Include="res\ResourceManager.h">
      <Filter>res</Filter>
    </ClInclude>
    <ClInclude Include="res\Guid.h">
      <Filter>res</Filter>
    </ClInclude>
    <ClInclude Include="util\string_hash.h">
      <Filter>util</Filter>
    </ClInclude>
    <ClInclude Include="reflect\pretty_function.h">
      <Filter>reflect</Filter>
    </ClInclude>
    <ClInclude Include="util\macro_utils.h">
      <Filter>util</Filter>
    </ClInclude>
    <ClInclude Include="reflect\ReflectRegistration.h">
      <Filter>reflect</Filter>
    </ClInclude>
    <ClInclude Include="serialize\serialize.h">
      <Filter>serialize</Filter>
    </ClInclude>
    <ClInclude Include="file\FileSystem.h">
      <Filter>file</Filter>
    </ClInclude>
    <ClInclude Include="file\FileSystemInternal.h">
      <Filter>file</Filter>
    </ClInclude>
    <ClInclude Include="file\DirectoryWatcher.h">
      <Filter>file</Filter>
    </ClInclude>
    <ClInclude Include="math\color.h">
      <Filter>math</Filter>
    </ClInclude>
    <ClInclude Include="shape\aabb.h">
      <Filter>shapes</Filter>
    </ClInclude>
    <ClInclude Include="scene\SceneFactory.h">
      <Filter>scene</Filter>
    </ClInclude>
    <ClInclude Include="scene\SceneManager.h">
      <Filter>scene</Filter>
    </ClInclude>
    <ClInclude Include="scene\Scene.h">
      <Filter>scene</Filter>
    </ClInclude>
    <ClInclude Include="audio\AudioClipFactory.h">
      <Filter>audio</Filter>
    </ClInclude>
    <ClInclude Include="util\enum.h">
      <Filter>util</Filter>
    </ClInclude>
    <ClInclude Include="file\FileHandle.h">
      <Filter>file</Filter>
    </ClInclude>
    <ClInclude Include="audio\AudioListener.h">
      <Filter>audio</Filter>
    </ClInclude>
    <ClInclude Include="audio\AudioSource.h">
      <Filter>audio</Filter>
    </ClInclude>
    <ClInclude Include="IncludeResources.h">
      <Filter>res</Filter>
    </ClInclude>
    <ClInclude Include="IncludeComponents.h">
      <Filter>core</Filter>
    </ClInclude>
    <ClInclude Include="IncludeSystems.h">
      <Filter>core</Filter>
    </ClInclude>
    <ClInclude Include="phys\RigidBody.h">
      <Filter>phys</Filter>
    </ClInclude>
    <ClInclude Include="phys\Collider.h">
      <Filter>phys</Filter>
    </ClInclude>
    <ClInclude Include="shape\sphere.h">
      <Filter>shapes</Filter>
    </ClInclude>
    <ClInclude Include="shape\ray.h">
      <Filter>shapes</Filter>
    </ClInclude>
    <ClInclude Include="shape\capsule.h">
      <Filter>shapes</Filter>
    </ClInclude>
    <ClInclude Include="shape\box.h">
      <Filter>shapes</Filter>
    </ClInclude>
    <ClInclude Include="ds\compressed_pair.h">
      <Filter>ds</Filter>
    </ClInclude>
    <ClInclude Include="ds\small_string.h">
      <Filter>ds</Filter>
    </ClInclude>
    <ClInclude Include="test\TestSystem.h">
      <Filter>test</Filter>
    </ClInclude>
    <ClInclude Include="math\matrix_decomposition.h">
      <Filter>math</Filter>
    </ClInclude>
    <ClInclude Include="test\TestComponent.h">
      <Filter>test</Filter>
    </ClInclude>
    <ClInclude Include="math\comparable.h">
      <Filter>math</Filter>
    </ClInclude>
    <ClInclude Include="res\ResourceMeta.h">
      <Filter>res</Filter>
    </ClInclude>
    <ClInclude Include="event\Signal.h">
      <Filter>event</Filter>
    </ClInclude>
    <ClInclude Include="gfx\RenderObject.h">
      <Filter>gfx\object</Filter>
    </ClInclude>
    <ClInclude Include="gfx\MeshRenderer.h">
      <Filter>gfx\object</Filter>
    </ClInclude>
    <ClInclude Include="gfx\Material.h">
      <Filter>gfx\object</Filter>
    </ClInclude>
    <ClInclude Include="gfx\MaterialInstance.h">
      <Filter>gfx\object</Filter>
    </ClInclude>
    <ClInclude Include="gfx\Mesh.h">
      <Filter>gfx\object</Filter>
    </ClInclude>
    <ClInclude Include="anim\SkinnedMeshRenderer.h">
      <Filter>gfx\object</Filter>
    </ClInclude>
    <ClInclude Include="gfx\Camera.h">
      <Filter>gfx\camera</Filter>
    </ClInclude>
    <ClInclude Include="gfx\vertex_descriptor.h">
      <Filter>gfx\object</Filter>
    </ClInclude>
    <ClInclude Include="meta\tuple.h">
      <Filter>meta</Filter>
    </ClInclude>
    <ClInclude Include="ds\dual_set.h">
      <Filter>ds</Filter>
    </ClInclude>
    <ClInclude Include="math\euler_angles.h">
      <Filter>math</Filter>
    </ClInclude>
    <ClInclude Include="math\interp\Spline.h">
      <Filter>math\interp</Filter>
    </ClInclude>
    <ClInclude Include="util\align.h">
      <Filter>util</Filter>
    </ClInclude>
  </ItemGroup>
  <ItemGroup>
    <ClCompile Include="math\matrix.cpp">
      <Filter>math</Filter>
    </ClCompile>
    <ClCompile Include="math\vector.cpp">
      <Filter>math</Filter>
    </ClCompile>
    <ClCompile Include="common\Transform.cpp">
      <Filter>common</Filter>
    </ClCompile>
    <ClCompile Include="pch.cpp" />
    <ClCompile Include="core\Handle.cpp">
      <Filter>core\handles</Filter>
    </ClCompile>
    <ClCompile Include="math\quaternion.cpp">
      <Filter>math</Filter>
    </ClCompile>
    <ClCompile Include="core\SystemManager.cpp">
      <Filter>core\systems</Filter>
    </ClCompile>
    <ClCompile Include="core\Component.cpp">
      <Filter>core\data</Filter>
    </ClCompile>
    <ClCompile Include="core\GameObject.cpp">
      <Filter>core\data</Filter>
    </ClCompile>
    <ClCompile Include="core\GameState.cpp">
      <Filter>core\data</Filter>
    </ClCompile>
    <ClCompile Include="core\Core.cpp">
      <Filter>core</Filter>
    </ClCompile>
    <ClCompile Include="core\Scheduler.cpp">
      <Filter>core\scheduler</Filter>
    </ClCompile>
    <ClCompile Include="reflect\dynamic.cpp">
      <Filter>reflect</Filter>
    </ClCompile>
    <ClCompile Include="reflect\reflect.cpp">
      <Filter>reflect</Filter>
    </ClCompile>
    <ClCompile Include="reflect\type.cpp">
      <Filter>reflect</Filter>
    </ClCompile>
    <ClCompile Include="audio\AudioSystem.cpp">
      <Filter>audio</Filter>
    </ClCompile>
    <ClCompile Include="audio\AudioClip.cpp">
      <Filter>audio</Filter>
    </ClCompile>
    <ClCompile Include="res\ResourceManager.cpp">
      <Filter>res</Filter>
    </ClCompile>
    <ClCompile Include="serialize\serialize.cpp">
      <Filter>serialize</Filter>
    </ClCompile>
    <ClCompile Include="file\FileSystemInternal.cpp">
      <Filter>file</Filter>
    </ClCompile>
    <ClCompile Include="file\FileSystem.cpp">
      <Filter>file</Filter>
    </ClCompile>
    <ClCompile Include="file\DirectoryWatcher.cpp">
      <Filter>file</Filter>
    </ClCompile>
    <ClCompile Include="shape\aabb.cpp">
      <Filter>shapes</Filter>
    </ClCompile>
    <ClCompile Include="scene\SceneFactory.cpp">
      <Filter>scene</Filter>
    </ClCompile>
    <ClCompile Include="scene\SceneManager.cpp">
      <Filter>scene</Filter>
    </ClCompile>
    <ClCompile Include="scene\Scene.cpp">
      <Filter>scene</Filter>
    </ClCompile>
    <ClCompile Include="reflect\uni_container.cpp">
      <Filter>reflect</Filter>
    </ClCompile>
    <ClCompile Include="audio\AudioClipFactory.cpp">
      <Filter>audio</Filter>
    </ClCompile>
    <ClCompile Include="reflect\enum_type.cpp">
      <Filter>reflect</Filter>
    </ClCompile>
    <ClCompile Include="reflect\enum_value.cpp">
      <Filter>reflect</Filter>
    </ClCompile>
    <ClCompile Include="file\FileHandle.cpp">
      <Filter>file</Filter>
    </ClCompile>
    <ClCompile Include="audio\AudioListener.cpp">
      <Filter>audio</Filter>
    </ClCompile>
    <ClCompile Include="audio\AudioSource.cpp">
      <Filter>audio</Filter>
    </ClCompile>
    <ClCompile Include="shape\sphere.cpp">
      <Filter>shapes</Filter>
    </ClCompile>
    <ClCompile Include="shape\ray.cpp">
      <Filter>shapes</Filter>
    </ClCompile>
    <ClCompile Include="test\TestSystem.cpp">
      <Filter>test</Filter>
    </ClCompile>
    <ClCompile Include="gfx\MeshRenderer.cpp">
      <Filter>gfx\object</Filter>
    </ClCompile>
    <ClCompile Include="gfx\Camera.cpp">
      <Filter>gfx\camera</Filter>
    </ClCompile>
    <ClCompile Include="math\euler_angles.cpp">
      <Filter>math</Filter>
    </ClCompile>
  </ItemGroup>
  <ItemGroup>
    <None Include="math\matrix.inl">
      <Filter>math</Filter>
    </None>
    <None Include="math\vector.inl">
      <Filter>math</Filter>
    </None>
    <None Include="math\angle.inl">
      <Filter>math</Filter>
    </None>
    <None Include="math\constants.inl">
      <Filter>math</Filter>
    </None>
    <None Include="math\arith.inl">
      <Filter>math</Filter>
    </None>
    <None Include="event\Dispatcher.inl">
      <Filter>event</Filter>
    </None>
    <None Include="event\Dispatcher_detail.inl">
      <Filter>event</Filter>
    </None>
    <None Include="math\quaternion.inl">
      <Filter>math</Filter>
    </None>
    <None Include="core\Handle.inl">
      <Filter>core\handles</Filter>
    </None>
    <None Include="core\ObjectPool.inl">
      <Filter>core\handles</Filter>
    </None>
    <None Include="math\matrix_transforms.inl">
      <Filter>math</Filter>
    </None>
    <None Include="core\SystemManager.inl">
      <Filter>core\systems</Filter>
    </None>
    <None Include="core\GameObject.inl">
      <Filter>core\data</Filter>
    </None>
    <None Include="core\GameState.inl">
      <Filter>core\data</Filter>
    </None>
    <None Include="core\Core.inl">
      <Filter>core</Filter>
    </None>
    <None Include="core\Scheduler.inl">
      <Filter>core\scheduler</Filter>
    </None>
    <None Include="meta\casts.inl">
      <Filter>meta</Filter>
    </None>
    <None Include="meta\meta.inl">
      <Filter>meta</Filter>
    </None>
    <None Include="ds\pool.inl">
      <Filter>ds</Filter>
    </None>
    <None Include="ds\range.inl">
      <Filter>ds</Filter>
    </None>
    <None Include="ds\ranged_for.inl">
      <Filter>ds</Filter>
    </None>
    <None Include="ds\span.inl">
      <Filter>ds</Filter>
    </None>
    <None Include="ds\zip.inl">
      <Filter>ds</Filter>
    </None>
    <None Include="reflect\constructor_entry.inl">
      <Filter>reflect</Filter>
    </None>
    <None Include="reflect\dynamic.inl">
      <Filter>reflect</Filter>
    </None>
    <None Include="reflect\reflect.inl">
      <Filter>reflect</Filter>
    </None>
    <None Include="reflect\type.inl">
      <Filter>reflect</Filter>
    </None>
    <None Include="res\ResourceHandle.inl">
      <Filter>res</Filter>
    </None>
    <None Include="res\ResourceManager.inl">
      <Filter>res</Filter>
    </None>
    <None Include="util\string_hash.inl">
      <Filter>util</Filter>
    </None>
    <None Include="scene\Scene.inl">
      <Filter>scene</Filter>
    </None>
    <None Include="reflect\uni_container.inl">
      <Filter>reflect</Filter>
    </None>
    <None Include="serialize\serialize.inl">
      <Filter>serialize</Filter>
    </None>
    <None Include="reflect\enum_type.inl">
      <Filter>reflect</Filter>
    </None>
    <None Include="ds\compressed_pair.inl">
      <Filter>ds</Filter>
    </None>
    <None Include="ds\small_string.inl">
      <Filter>ds</Filter>
    </None>
    <None Include="math\matrix_decomposition.inl">
      <Filter>math</Filter>
    </None>
    <None Include="math\comparable.inl">
      <Filter>math</Filter>
    </None>
    <None Include="event\Signal.inl">
      <Filter>event</Filter>
    </None>
    <None Include="meta\tuple.inl">
      <Filter>meta</Filter>
    </None>
    <None Include="math\color.inl">
      <Filter>math</Filter>
    </None>
    <None Include="ds\dual_set.inl">
      <Filter>ds</Filter>
    </None>
  </ItemGroup>
  <ItemGroup>
    <Natvis Include="_natvis\matrix.natvis">
      <Filter>_natvis</Filter>
    </Natvis>
    <Natvis Include="_natvis\vector.natvis">
      <Filter>_natvis</Filter>
    </Natvis>
    <Natvis Include="_natvis\angle.natvis">
      <Filter>_natvis</Filter>
    </Natvis>
    <Natvis Include="_natvis\objectpool.natvis">
      <Filter>_natvis</Filter>
    </Natvis>
    <Natvis Include="_natvis\scene.natvis">
      <Filter>_natvis</Filter>
    </Natvis>
    <Natvis Include="_natvis\guid.natvis">
      <Filter>_natvis</Filter>
    </Natvis>
  </ItemGroup>
</Project>