<?xml version="1.0" encoding="utf-8"?>
<Project ToolsVersion="4.0" xmlns="http://schemas.microsoft.com/developer/msbuild/2003">
  <ItemGroup>
    <ClCompile Include="pch.cpp" />
    <ClCompile Include="TestVector.cpp">
      <Filter>Math</Filter>
    </ClCompile>
    <ClCompile Include="TestMatrix.cpp">
      <Filter>Math</Filter>
    </ClCompile>
    <ClCompile Include="TestAngle.cpp">
      <Filter>Math</Filter>
    </ClCompile>
    <ClCompile Include="TestArith.cpp">
      <Filter>Math</Filter>
    </ClCompile>
    <ClCompile Include="TestDispatcher.cpp" />
    <ClCompile Include="TestObjectPool.cpp" />
    <ClCompile Include="SpeedTest.cpp" />
    <ClCompile Include="TestQuaternion.cpp">
      <Filter>Math</Filter>
    </ClCompile>
    <ClCompile Include="TestGameState.cpp" />
    <ClCompile Include="TestZip.cpp" />
    <ClCompile Include="TestMatrixTransforms.cpp" />
    <ClCompile Include="TestSystemManager.cpp" />
    <ClCompile Include="TestReflect.cpp" />
    <ClCompile Include="TestAudio.cpp" />
    <ClCompile Include="TestString.cpp" />
    <ClCompile Include="TestSerialize.cpp" />
    <ClCompile Include="TestFileSystem.cpp" />
  </ItemGroup>
  <ItemGroup>
    <ClInclude Include="pch.h" />
  </ItemGroup>
  <ItemGroup>
    <None Include="packages.config" />
  </ItemGroup>
  <ItemGroup>
    <Filter Include="Math">
      <UniqueIdentifier>{ceb382bc-0a17-49f5-9c59-b3f54ddaed32}</UniqueIdentifier>
    </Filter>
  </ItemGroup>
</Project>