<?xml version="1.0" encoding="utf-8"?>
<Project ToolsVersion="4.0" xmlns="http://schemas.microsoft.com/developer/msbuild/2003">
  <ItemGroup>
    <ClInclude Include="framework.h" />
    <ClInclude Include="targetver.h" />
  </ItemGroup>
  <ItemGroup>
    <ClCompile Include="game.cpp" />
    <ClCompile Include="AddSystems.cpp" />
    <ClCompile Include="ReflectRegistered.cpp" />
    <ClCompile Include="ReflectReg_Components.cpp" />
    <ClCompile Include="ReflectReg_Resources.cpp" />
    <ClCompile Include="ReflectReg_GfxComponents.cpp" />
    <ClCompile Include="ReflectReg_AnimComponents.cpp" />
  </ItemGroup>
</Project>