<?xml version="1.0" encoding="utf-8"?>
<Project ToolsVersion="4.0" xmlns="http://schemas.microsoft.com/developer/msbuild/2003">
  <ItemGroup>
    <ClInclude Include="framework.h" />
    <ClInclude Include="targetver.h" />
  </ItemGroup>
  <ItemGroup>
    <ClCompile Include="game.cpp" />
    <ClCompile Include="AddSystems.cpp" />
    <ClCompile Include="ReflectReg_AnimComponents.cpp">
      <Filter>Shared</Filter>
    </ClCompile>
    <ClCompile Include="ReflectReg_Components.cpp">
      <Filter>Shared</Filter>
    </ClCompile>
    <ClCompile Include="ReflectReg_GfxComponents.cpp">
      <Filter>Shared</Filter>
    </ClCompile>
    <ClCompile Include="ReflectReg_Resources.cpp">
      <Filter>Shared</Filter>
    </ClCompile>
    <ClCompile Include="ReflectRegistered.cpp">
      <Filter>Shared</Filter>
    </ClCompile>
  </ItemGroup>
  <ItemGroup>
    <Filter Include="Shared">
      <UniqueIdentifier>{986dba4f-4589-4d99-a701-40d2f35bbc87}</UniqueIdentifier>
    </Filter>
  </ItemGroup>
</Project>