<?xml version="1.0" encoding="utf-8"?>
<Project ToolsVersion="4.0" xmlns="http://schemas.microsoft.com/developer/msbuild/2003">
  <ItemGroup>
    <Filter Include="compilers">
      <UniqueIdentifier>{1e0e4f83-f5d3-4c41-91e0-0360c4b6e30e}</UniqueIdentifier>
    </Filter>
    <Filter Include="compilers\assimp">
      <UniqueIdentifier>{466482f8-0703-41ec-93e3-0484e4a9aeb4}</UniqueIdentifier>
    </Filter>
    <Filter Include="Shared">
      <UniqueIdentifier>{0853476a-f06c-468a-9009-95d4f2e93c5e}</UniqueIdentifier>
    </Filter>
  </ItemGroup>
  <ItemGroup>
    <ClCompile Include="AssimpCompiler.cpp" />
    <ClCompile Include="AssimpCompiler_helpers.cpp" />
    <ClCompile Include="CompilerCore.cpp" />
    <ClCompile Include="DDSCompiler.cpp" />
    <ClCompile Include="IAssetLoader.cpp" />
    <ClCompile Include="main.cpp" />
    <ClCompile Include="TextureCompiler.cpp" />
    <ClCompile Include="..\game\ReflectReg_AnimComponents.cpp">
      <Filter>Shared</Filter>
    </ClCompile>
    <ClCompile Include="..\game\ReflectReg_Components.cpp">
      <Filter>Shared</Filter>
    </ClCompile>
    <ClCompile Include="..\game\ReflectReg_GfxComponents.cpp">
      <Filter>Shared</Filter>
    </ClCompile>
    <ClCompile Include="..\game\ReflectReg_Resources.cpp">
      <Filter>Shared</Filter>
    </ClCompile>
    <ClCompile Include="..\game\ReflectRegistered.cpp">
      <Filter>Shared</Filter>
    </ClCompile>
    <ClCompile Include="SceneUpdater.cpp" />
    <ClCompile Include="FontAtlasCompiler.cpp" />
  </ItemGroup>
  <ItemGroup>
    <ClInclude Include="AssimpCompiler.h" />
    <ClInclude Include="AssimpCompiler_helpers.h" />
    <ClInclude Include="CompilerCore.h" />
    <ClInclude Include="CompilerList.h" />
    <ClInclude Include="DDSCompiler.h" />
    <ClInclude Include="IAssetLoader.h" />
    <ClInclude Include="TextureCompiler.h" />
    <ClInclude Include="SceneUpdater.h" />
    <ClInclude Include="FontAtlasCompiler.h" />
  </ItemGroup>
</Project>