<?xml version="1.0" encoding="utf-8"?>
<Project ToolsVersion="4.0" xmlns="http://schemas.microsoft.com/developer/msbuild/2003">
  <ItemGroup>
    <ClCompile Include="asset_compiler.cpp" />
    <ClCompile Include="CompilerCore.cpp" />
  </ItemGroup>
  <ItemGroup>
    <ClInclude Include="CompilerCore.h" />
    <ClInclude Include="IAssetLoader.h" />
  </ItemGroup>
  <ItemGroup>
    <Filter Include="compilers">
      <UniqueIdentifier>{1e0e4f83-f5d3-4c41-91e0-0360c4b6e30e}</UniqueIdentifier>
    </Filter>
  </ItemGroup>
</Project>